// !$*UTF8*$!
{
	archiveVersion = 1;
	classes = {
	};
	objectVersion = 46;
	objects = {

/* Begin PBXBuildFile section */
		1E73987874C73DEE6D84DFE3 /* Pods_MeetXSweatTests.framework in Frameworks */ = {isa = PBXBuildFile; fileRef = AF2D9D79CD6E67071DA136A4 /* Pods_MeetXSweatTests.framework */; };
		26168A058FAF4B8C39C1342F /* Pods_MeetXSweat.framework in Frameworks */ = {isa = PBXBuildFile; fileRef = 2994B391032B351D94FC1B09 /* Pods_MeetXSweat.framework */; };
		2CCF3C49D9C522B66D0B1E4D /* Pods_MeetXSweatProd.framework in Frameworks */ = {isa = PBXBuildFile; fileRef = AD0F30286484448AC09BB5CC /* Pods_MeetXSweatProd.framework */; };
		D907C5131E5A23CB009856E6 /* FireBaseHelper.swift in Sources */ = {isa = PBXBuildFile; fileRef = D907C5121E5A23CB009856E6 /* FireBaseHelper.swift */; };
		D90AB56F1D93E275003DCA75 /* MXSEvent.storyboard in Resources */ = {isa = PBXBuildFile; fileRef = D90AB56E1D93E275003DCA75 /* MXSEvent.storyboard */; };
		D90AB5711D93E28F003DCA75 /* MXSEventViewController.swift in Sources */ = {isa = PBXBuildFile; fileRef = D90AB5701D93E28F003DCA75 /* MXSEventViewController.swift */; };
		D90AB5731D93E4D9003DCA75 /* Event.swift in Sources */ = {isa = PBXBuildFile; fileRef = D90AB5721D93E4D9003DCA75 /* Event.swift */; };
		D90AB5771D93ED1C003DCA75 /* MXSEventsCollectionViewController.swift in Sources */ = {isa = PBXBuildFile; fileRef = D90AB5761D93ED1C003DCA75 /* MXSEventsCollectionViewController.swift */; };
		D90AB57C1D940522003DCA75 /* MXSPersonsCollectionViewController.swift in Sources */ = {isa = PBXBuildFile; fileRef = D90AB57B1D940522003DCA75 /* MXSPersonsCollectionViewController.swift */; };
		D90AB57E1D940CA9003DCA75 /* MXSFindSport.storyboard in Resources */ = {isa = PBXBuildFile; fileRef = D90AB57D1D940CA9003DCA75 /* MXSFindSport.storyboard */; };
		D90AB5801D940CC4003DCA75 /* MXSFindDate.storyboard in Resources */ = {isa = PBXBuildFile; fileRef = D90AB57F1D940CC4003DCA75 /* MXSFindDate.storyboard */; };
		D90AB5821D940CD2003DCA75 /* MXSFindArroundMe.storyboard in Resources */ = {isa = PBXBuildFile; fileRef = D90AB5811D940CD2003DCA75 /* MXSFindArroundMe.storyboard */; };
		D90AB5841D940CEA003DCA75 /* MXSFindSportViewController.swift in Sources */ = {isa = PBXBuildFile; fileRef = D90AB5831D940CEA003DCA75 /* MXSFindSportViewController.swift */; };
		D90AB5861D940CFC003DCA75 /* MXSFindDateViewController.swift in Sources */ = {isa = PBXBuildFile; fileRef = D90AB5851D940CFC003DCA75 /* MXSFindDateViewController.swift */; };
		D90AB5881D940D18003DCA75 /* MXSFindArroundMeViewController.swift in Sources */ = {isa = PBXBuildFile; fileRef = D90AB5871D940D18003DCA75 /* MXSFindArroundMeViewController.swift */; };
		D90AB59D1D9523C0003DCA75 /* MXSSportsCollectionViewController.swift in Sources */ = {isa = PBXBuildFile; fileRef = D90AB59C1D9523C0003DCA75 /* MXSSportsCollectionViewController.swift */; };
		D90AB59F1D955F20003DCA75 /* MXSCalendarCellView.xib in Resources */ = {isa = PBXBuildFile; fileRef = D90AB59E1D955F20003DCA75 /* MXSCalendarCellView.xib */; };
		D90AB5A11D955F6F003DCA75 /* MXSCalendarCellView.swift in Sources */ = {isa = PBXBuildFile; fileRef = D90AB5A01D955F6F003DCA75 /* MXSCalendarCellView.swift */; };
		D90AB5A31D9562E1003DCA75 /* MXSCalendarViewController.swift in Sources */ = {isa = PBXBuildFile; fileRef = D90AB5A21D9562E1003DCA75 /* MXSCalendarViewController.swift */; };
		D90AB5A51D957AE6003DCA75 /* AnimationClass.swift in Sources */ = {isa = PBXBuildFile; fileRef = D90AB5A41D957AE6003DCA75 /* AnimationClass.swift */; };
		D90AB5AF1D96BE1E003DCA75 /* MXSActivityIndicator.swift in Sources */ = {isa = PBXBuildFile; fileRef = D90AB5AE1D96BE1E003DCA75 /* MXSActivityIndicator.swift */; };
		D926BAA01D8D6A6400E3878C /* AppDelegate.swift in Sources */ = {isa = PBXBuildFile; fileRef = D926BA9F1D8D6A6400E3878C /* AppDelegate.swift */; };
		D926BAA71D8D6A6400E3878C /* Assets.xcassets in Resources */ = {isa = PBXBuildFile; fileRef = D926BAA61D8D6A6400E3878C /* Assets.xcassets */; };
		D926BAAA1D8D6A6400E3878C /* LaunchScreen.storyboard in Resources */ = {isa = PBXBuildFile; fileRef = D926BAA81D8D6A6400E3878C /* LaunchScreen.storyboard */; };
		D926BAB51D8D6A6400E3878C /* MeetXSweatTests.swift in Sources */ = {isa = PBXBuildFile; fileRef = D926BAB41D8D6A6400E3878C /* MeetXSweatTests.swift */; };
		D926BAC01D8D6A6400E3878C /* MeetXSweatUITests.swift in Sources */ = {isa = PBXBuildFile; fileRef = D926BABF1D8D6A6400E3878C /* MeetXSweatUITests.swift */; };
		D926BACE1D8D8C8600E3878C /* Social.framework in Frameworks */ = {isa = PBXBuildFile; fileRef = D926BACD1D8D8C8600E3878C /* Social.framework */; };
		D926BAD31D8DA11F00E3878C /* MXSAllLoginsViewController.swift in Sources */ = {isa = PBXBuildFile; fileRef = D926BAD21D8DA11F00E3878C /* MXSAllLoginsViewController.swift */; };
		D926BAD81D8DA92400E3878C /* Utils.swift in Sources */ = {isa = PBXBuildFile; fileRef = D926BAD71D8DA92400E3878C /* Utils.swift */; };
		D926BADC1D8DAF3900E3878C /* Person.swift in Sources */ = {isa = PBXBuildFile; fileRef = D926BADB1D8DAF3900E3878C /* Person.swift */; };
		D926BAE01D8DBC5100E3878C /* User.swift in Sources */ = {isa = PBXBuildFile; fileRef = D926BADF1D8DBC5100E3878C /* User.swift */; };
		D926BAE21D8DD5CB00E3878C /* UINavigationController+Connection.swift in Sources */ = {isa = PBXBuildFile; fileRef = D926BAE11D8DD5CB00E3878C /* UINavigationController+Connection.swift */; };
		D92BAF331EF6BB010035CA8C /* AdSupport.framework in Frameworks */ = {isa = PBXBuildFile; fileRef = D92BAF321EF6BB010035CA8C /* AdSupport.framework */; };
		D92BAF341EF6BB080035CA8C /* AdSupport.framework in Frameworks */ = {isa = PBXBuildFile; fileRef = D92BAF321EF6BB010035CA8C /* AdSupport.framework */; };
		D93AF0931E60949D004B5565 /* UserViewModel.swift in Sources */ = {isa = PBXBuildFile; fileRef = D93AF0921E60949D004B5565 /* UserViewModel.swift */; };
		D93AF0941E609599004B5565 /* UserViewModel.swift in Sources */ = {isa = PBXBuildFile; fileRef = D93AF0921E60949D004B5565 /* UserViewModel.swift */; };
		D93AF0961E60D8B4004B5565 /* MXSMenuCellView.xib in Resources */ = {isa = PBXBuildFile; fileRef = D93AF0951E60D8B4004B5565 /* MXSMenuCellView.xib */; };
		D93AF0981E60D8F6004B5565 /* MXSMenuCellView.swift in Sources */ = {isa = PBXBuildFile; fileRef = D93AF0971E60D8F6004B5565 /* MXSMenuCellView.swift */; };
		D93AF09A1E60DBE9004B5565 /* MenuIcons.xcassets in Resources */ = {isa = PBXBuildFile; fileRef = D93AF0991E60DBE9004B5565 /* MenuIcons.xcassets */; };
		D93AF09C1E60F1C6004B5565 /* MXSProfileDescriptionViewController.swift in Sources */ = {isa = PBXBuildFile; fileRef = D93AF09B1E60F1C6004B5565 /* MXSProfileDescriptionViewController.swift */; };
		D93AF09D1E60F1C6004B5565 /* MXSProfileDescriptionViewController.swift in Sources */ = {isa = PBXBuildFile; fileRef = D93AF09B1E60F1C6004B5565 /* MXSProfileDescriptionViewController.swift */; };
		D93AF09E1E60F1D7004B5565 /* MXSMenuCellView.xib in Resources */ = {isa = PBXBuildFile; fileRef = D93AF0951E60D8B4004B5565 /* MXSMenuCellView.xib */; };
		D93AF09F1E60F1DA004B5565 /* MXSMenuCellView.swift in Sources */ = {isa = PBXBuildFile; fileRef = D93AF0971E60D8F6004B5565 /* MXSMenuCellView.swift */; };
		D942AD9C1E633E4C00E9FC0D /* paris.gpx in Resources */ = {isa = PBXBuildFile; fileRef = D942AD9B1E633E4C00E9FC0D /* paris.gpx */; };
		D94575951E44932100AF37F2 /* Main.storyboard in Resources */ = {isa = PBXBuildFile; fileRef = D94575941E44932100AF37F2 /* Main.storyboard */; };
		D94575961E44932100AF37F2 /* Main.storyboard in Resources */ = {isa = PBXBuildFile; fileRef = D94575941E44932100AF37F2 /* Main.storyboard */; };
		D94575971E44932100AF37F2 /* Main.storyboard in Resources */ = {isa = PBXBuildFile; fileRef = D94575941E44932100AF37F2 /* Main.storyboard */; };
		D949BB081E5C872A00BCF3A0 /* MXSEventViewController.swift in Sources */ = {isa = PBXBuildFile; fileRef = D90AB5701D93E28F003DCA75 /* MXSEventViewController.swift */; };
		D949BB091E5C872A00BCF3A0 /* Person.swift in Sources */ = {isa = PBXBuildFile; fileRef = D926BADB1D8DAF3900E3878C /* Person.swift */; };
		D949BB0A1E5C872A00BCF3A0 /* MXSConversationsCollectionViewController.swift in Sources */ = {isa = PBXBuildFile; fileRef = D94A3E401DA3FB1B0090A7A4 /* MXSConversationsCollectionViewController.swift */; };
		D949BB0B1E5C872A00BCF3A0 /* MXSStrings.swift in Sources */ = {isa = PBXBuildFile; fileRef = D959B3D71D93185000981105 /* MXSStrings.swift */; };
		D949BB0C1E5C872A00BCF3A0 /* MXSFindCollectionViewController.swift in Sources */ = {isa = PBXBuildFile; fileRef = D959B3CC1D92D1DD00981105 /* MXSFindCollectionViewController.swift */; };
		D949BB0D1E5C872A00BCF3A0 /* FireBaseDataManager.swift in Sources */ = {isa = PBXBuildFile; fileRef = D9B64D251DA3AA2D008C5D34 /* FireBaseDataManager.swift */; };
		D949BB0E1E5C872A00BCF3A0 /* MXSAddEventViewController.swift in Sources */ = {isa = PBXBuildFile; fileRef = D9C086601E4DFC8100122030 /* MXSAddEventViewController.swift */; };
		D949BB0F1E5C872A00BCF3A0 /* GoogleLogInHelper.swift in Sources */ = {isa = PBXBuildFile; fileRef = D9BB48241D8EF2E000C12541 /* GoogleLogInHelper.swift */; };
		D949BB101E5C872A00BCF3A0 /* UINavigationController+Connection.swift in Sources */ = {isa = PBXBuildFile; fileRef = D926BAE11D8DD5CB00E3878C /* UINavigationController+Connection.swift */; };
		D949BB111E5C872A00BCF3A0 /* GPSLocationManager.swift in Sources */ = {isa = PBXBuildFile; fileRef = D963AE791E522C8000FF5B85 /* GPSLocationManager.swift */; };
		D949BB121E5C872A00BCF3A0 /* AppDelegate.swift in Sources */ = {isa = PBXBuildFile; fileRef = D926BA9F1D8D6A6400E3878C /* AppDelegate.swift */; };
		D949BB131E5C872A00BCF3A0 /* MXSConversationCollectionCell.swift in Sources */ = {isa = PBXBuildFile; fileRef = D94A3E4B1DA3FCEF0090A7A4 /* MXSConversationCollectionCell.swift */; };
		D949BB141E5C872A00BCF3A0 /* User.swift in Sources */ = {isa = PBXBuildFile; fileRef = D926BADF1D8DBC5100E3878C /* User.swift */; };
		D949BB151E5C872A00BCF3A0 /* MXSTuttorialViewController.swift in Sources */ = {isa = PBXBuildFile; fileRef = D9C086681E4E026800122030 /* MXSTuttorialViewController.swift */; };
		D949BB161E5C872A00BCF3A0 /* LinkedInHelper.swift in Sources */ = {isa = PBXBuildFile; fileRef = D9BB48121D8EB48000C12541 /* LinkedInHelper.swift */; };
		D949BB171E5C872A00BCF3A0 /* MXSSportCollectionCell.swift in Sources */ = {isa = PBXBuildFile; fileRef = D94A3E461DA3FC840090A7A4 /* MXSSportCollectionCell.swift */; };
		D949BB181E5C872A00BCF3A0 /* MXSTuttorialCollectionCell.swift in Sources */ = {isa = PBXBuildFile; fileRef = D9C0866A1E4E094500122030 /* MXSTuttorialCollectionCell.swift */; };
		D949BB1A1E5C872A00BCF3A0 /* Conversation.swift in Sources */ = {isa = PBXBuildFile; fileRef = D9B64D2D1DA3AACF008C5D34 /* Conversation.swift */; };
		D949BB1B1E5C872A00BCF3A0 /* MXSFindSportViewController.swift in Sources */ = {isa = PBXBuildFile; fileRef = D90AB5831D940CEA003DCA75 /* MXSFindSportViewController.swift */; };
		D949BB1D1E5C872A00BCF3A0 /* MXSFindManager.swift in Sources */ = {isa = PBXBuildFile; fileRef = D9C086371E46698000122030 /* MXSFindManager.swift */; };
		D949BB1E1E5C872A00BCF3A0 /* DummyData.swift in Sources */ = {isa = PBXBuildFile; fileRef = D9B64D211DA3AA2D008C5D34 /* DummyData.swift */; };
		D949BB1F1E5C872A00BCF3A0 /* MXSFindArroundMeViewController.swift in Sources */ = {isa = PBXBuildFile; fileRef = D90AB5871D940D18003DCA75 /* MXSFindArroundMeViewController.swift */; };
		D949BB201E5C872A00BCF3A0 /* MXSViewController.swift in Sources */ = {isa = PBXBuildFile; fileRef = D9AAA2AA1D8F0F12004CE80C /* MXSViewController.swift */; };
		D949BB211E5C872A00BCF3A0 /* FaceBookHelper.swift in Sources */ = {isa = PBXBuildFile; fileRef = D94C63E51D8DE4BB00ECD7FD /* FaceBookHelper.swift */; };
		D949BB221E5C872A00BCF3A0 /* EnCodeObject.swift in Sources */ = {isa = PBXBuildFile; fileRef = D998B5E41D97FFE000A045F4 /* EnCodeObject.swift */; };
		D949BB231E5C872A00BCF3A0 /* ConversationsDataManager.swift in Sources */ = {isa = PBXBuildFile; fileRef = D9B64D2B1DA3AA62008C5D34 /* ConversationsDataManager.swift */; };
		D949BB241E5C872A00BCF3A0 /* MXSProfileViewController.swift in Sources */ = {isa = PBXBuildFile; fileRef = D959B3E31D93200E00981105 /* MXSProfileViewController.swift */; };
		D949BB251E5C872A00BCF3A0 /* Message.swift in Sources */ = {isa = PBXBuildFile; fileRef = D94A3E3B1DA3E6220090A7A4 /* Message.swift */; };
		D949BB261E5C872A00BCF3A0 /* MXSAllLoginsViewController.swift in Sources */ = {isa = PBXBuildFile; fileRef = D926BAD21D8DA11F00E3878C /* MXSAllLoginsViewController.swift */; };
		D949BB271E5C872A00BCF3A0 /* MXSPersonCollectionCell.swift in Sources */ = {isa = PBXBuildFile; fileRef = D94A3E451DA3FC840090A7A4 /* MXSPersonCollectionCell.swift */; };
		D949BB291E5C872A00BCF3A0 /* MXSCalendarViewController.swift in Sources */ = {isa = PBXBuildFile; fileRef = D90AB5A21D9562E1003DCA75 /* MXSCalendarViewController.swift */; };
		D949BB2A1E5C872A00BCF3A0 /* MXSConversationsViewController.swift in Sources */ = {isa = PBXBuildFile; fileRef = D9C0865B1E4DFBDA00122030 /* MXSConversationsViewController.swift */; };
		D949BB2B1E5C872A00BCF3A0 /* FireBaseObject.swift in Sources */ = {isa = PBXBuildFile; fileRef = D959581A1DA57F2500481167 /* FireBaseObject.swift */; };
		D949BB2C1E5C872A00BCF3A0 /* JSONFile.swift in Sources */ = {isa = PBXBuildFile; fileRef = D9C086481E4A37AA00122030 /* JSONFile.swift */; };
		D949BB2D1E5C872A00BCF3A0 /* Event.swift in Sources */ = {isa = PBXBuildFile; fileRef = D90AB5721D93E4D9003DCA75 /* Event.swift */; };
		D949BB2E1E5C872A00BCF3A0 /* MXSRessources.swift in Sources */ = {isa = PBXBuildFile; fileRef = D959B3DC1D9318E000981105 /* MXSRessources.swift */; };
		D949BB2F1E5C872A00BCF3A0 /* MXSPersonsCollectionViewController.swift in Sources */ = {isa = PBXBuildFile; fileRef = D90AB57B1D940522003DCA75 /* MXSPersonsCollectionViewController.swift */; };
		D949BB301E5C872A00BCF3A0 /* MXSFindDateViewController.swift in Sources */ = {isa = PBXBuildFile; fileRef = D90AB5851D940CFC003DCA75 /* MXSFindDateViewController.swift */; };
		D949BB311E5C872A00BCF3A0 /* Utils.swift in Sources */ = {isa = PBXBuildFile; fileRef = D926BAD71D8DA92400E3878C /* Utils.swift */; };
		D949BB321E5C872A00BCF3A0 /* AnimationClass.swift in Sources */ = {isa = PBXBuildFile; fileRef = D90AB5A41D957AE6003DCA75 /* AnimationClass.swift */; };
		D949BB331E5C872A00BCF3A0 /* MXSActivityIndicator.swift in Sources */ = {isa = PBXBuildFile; fileRef = D90AB5AE1D96BE1E003DCA75 /* MXSActivityIndicator.swift */; };
		D949BB341E5C872A00BCF3A0 /* TwitterHelper.swift in Sources */ = {isa = PBXBuildFile; fileRef = D94C63E81D8E914F00ECD7FD /* TwitterHelper.swift */; };
		D949BB351E5C872A00BCF3A0 /* MXSEventsCollectionCell.swift in Sources */ = {isa = PBXBuildFile; fileRef = D94A3E431DA3FC840090A7A4 /* MXSEventsCollectionCell.swift */; };
		D949BB361E5C872A00BCF3A0 /* MXSLogInManager.swift in Sources */ = {isa = PBXBuildFile; fileRef = D9C086351E464A1E00122030 /* MXSLogInManager.swift */; };
		D949BB371E5C872A00BCF3A0 /* FireBaseHelper.swift in Sources */ = {isa = PBXBuildFile; fileRef = D907C5121E5A23CB009856E6 /* FireBaseHelper.swift */; };
		D949BB381E5C872A00BCF3A0 /* MXSEventsCollectionViewController.swift in Sources */ = {isa = PBXBuildFile; fileRef = D90AB5761D93ED1C003DCA75 /* MXSEventsCollectionViewController.swift */; };
		D949BB391E5C872A00BCF3A0 /* MXSCreateAccountViewController.swift in Sources */ = {isa = PBXBuildFile; fileRef = D9C086611E4DFC8100122030 /* MXSCreateAccountViewController.swift */; };
		D949BB3A1E5C872A00BCF3A0 /* MXSCalendarCellView.swift in Sources */ = {isa = PBXBuildFile; fileRef = D90AB5A01D955F6F003DCA75 /* MXSCalendarCellView.swift */; };
		D949BB3B1E5C872A00BCF3A0 /* MXSConstants.swift in Sources */ = {isa = PBXBuildFile; fileRef = D959B3DB1D9318E000981105 /* MXSConstants.swift */; };
		D949BB3C1E5C872A00BCF3A0 /* MXSWellComeViewController.swift in Sources */ = {isa = PBXBuildFile; fileRef = D9C086631E4DFC8100122030 /* MXSWellComeViewController.swift */; };
		D949BB3E1E5C872A00BCF3A0 /* MXSSportsCollectionViewController.swift in Sources */ = {isa = PBXBuildFile; fileRef = D90AB59C1D9523C0003DCA75 /* MXSSportsCollectionViewController.swift */; };
		D949BB3F1E5C872A00BCF3A0 /* MXSMenuViewController.swift in Sources */ = {isa = PBXBuildFile; fileRef = D9B64CD81D9D6C28008C5D34 /* MXSMenuViewController.swift */; };
		D949BB411E5C872A00BCF3A0 /* ChatViewController.swift in Sources */ = {isa = PBXBuildFile; fileRef = D9C086591E4DFBDA00122030 /* ChatViewController.swift */; };
		D949BB421E5C872A00BCF3A0 /* MXSFindProfileViewController.swift in Sources */ = {isa = PBXBuildFile; fileRef = D959B3CA1D92D1D200981105 /* MXSFindProfileViewController.swift */; };
		D949BB441E5C872A00BCF3A0 /* Social.framework in Frameworks */ = {isa = PBXBuildFile; fileRef = D926BACD1D8D8C8600E3878C /* Social.framework */; };
		D949BB461E5C872A00BCF3A0 /* Pods_MeetXSweat.framework in Frameworks */ = {isa = PBXBuildFile; fileRef = 2994B391032B351D94FC1B09 /* Pods_MeetXSweat.framework */; };
		D949BB481E5C872A00BCF3A0 /* MXSWellCome.storyboard in Resources */ = {isa = PBXBuildFile; fileRef = D9C086621E4DFC8100122030 /* MXSWellCome.storyboard */; };
		D949BB491E5C872A00BCF3A0 /* UserProfile.xcassets in Resources */ = {isa = PBXBuildFile; fileRef = D9C0864E1E4C83C600122030 /* UserProfile.xcassets */; };
		D949BB4A1E5C872A00BCF3A0 /* MXSCalendarCellView.xib in Resources */ = {isa = PBXBuildFile; fileRef = D90AB59E1D955F20003DCA75 /* MXSCalendarCellView.xib */; };
		D949BB4B1E5C872A00BCF3A0 /* MXSEvent.storyboard in Resources */ = {isa = PBXBuildFile; fileRef = D90AB56E1D93E275003DCA75 /* MXSEvent.storyboard */; };
		D949BB4C1E5C872A00BCF3A0 /* TabBar.xcassets in Resources */ = {isa = PBXBuildFile; fileRef = D9C0863B1E49DCEA00122030 /* TabBar.xcassets */; };
		D949BB4D1E5C872A00BCF3A0 /* MXSConversation.storyboard in Resources */ = {isa = PBXBuildFile; fileRef = D9C0865A1E4DFBDA00122030 /* MXSConversation.storyboard */; };
		D949BB4E1E5C872A00BCF3A0 /* Main.storyboard in Resources */ = {isa = PBXBuildFile; fileRef = D94575941E44932100AF37F2 /* Main.storyboard */; };
		D949BB4F1E5C872A00BCF3A0 /* LaunchScreen.storyboard in Resources */ = {isa = PBXBuildFile; fileRef = D926BAA81D8D6A6400E3878C /* LaunchScreen.storyboard */; };
		D949BB501E5C872A00BCF3A0 /* Sports.xcassets in Resources */ = {isa = PBXBuildFile; fileRef = D9C0863D1E49E73400122030 /* Sports.xcassets */; };
		D949BB511E5C872A00BCF3A0 /* MapIcons.xcassets in Resources */ = {isa = PBXBuildFile; fileRef = D9C0863F1E4A19D500122030 /* MapIcons.xcassets */; };
		D949BB521E5C872A00BCF3A0 /* MXSFindDate.storyboard in Resources */ = {isa = PBXBuildFile; fileRef = D90AB57F1D940CC4003DCA75 /* MXSFindDate.storyboard */; };
		D949BB531E5C872A00BCF3A0 /* Assets.xcassets in Resources */ = {isa = PBXBuildFile; fileRef = D926BAA61D8D6A6400E3878C /* Assets.xcassets */; };
		D949BB541E5C872A00BCF3A0 /* MXSProfile.storyboard in Resources */ = {isa = PBXBuildFile; fileRef = D959B3E51D93202200981105 /* MXSProfile.storyboard */; };
		D949BB551E5C872A00BCF3A0 /* MXSFindArroundMe.storyboard in Resources */ = {isa = PBXBuildFile; fileRef = D90AB5811D940CD2003DCA75 /* MXSFindArroundMe.storyboard */; };
		D949BB561E5C872A00BCF3A0 /* MXSFindProfile.storyboard in Resources */ = {isa = PBXBuildFile; fileRef = D959B3D01D92D24500981105 /* MXSFindProfile.storyboard */; };
		D949BB581E5C872A00BCF3A0 /* MXSFindSport.storyboard in Resources */ = {isa = PBXBuildFile; fileRef = D90AB57D1D940CA9003DCA75 /* MXSFindSport.storyboard */; };
		D949BB661E5C92B700BCF3A0 /* GoogleServiceProd-Info.plist in Resources */ = {isa = PBXBuildFile; fileRef = D949BB651E5C92B700BCF3A0 /* GoogleServiceProd-Info.plist */; };
		D949BB6B1E5CE03300BCF3A0 /* EventPersons.swift in Sources */ = {isa = PBXBuildFile; fileRef = D949BB6A1E5CE03300BCF3A0 /* EventPersons.swift */; };
		D949BB6C1E5CE03300BCF3A0 /* EventPersons.swift in Sources */ = {isa = PBXBuildFile; fileRef = D949BB6A1E5CE03300BCF3A0 /* EventPersons.swift */; };
		D94A3E3C1DA3E6220090A7A4 /* Message.swift in Sources */ = {isa = PBXBuildFile; fileRef = D94A3E3B1DA3E6220090A7A4 /* Message.swift */; };
		D94A3E411DA3FB1B0090A7A4 /* MXSConversationsCollectionViewController.swift in Sources */ = {isa = PBXBuildFile; fileRef = D94A3E401DA3FB1B0090A7A4 /* MXSConversationsCollectionViewController.swift */; };
		D94A3E471DA3FC840090A7A4 /* MXSEventsCollectionCell.swift in Sources */ = {isa = PBXBuildFile; fileRef = D94A3E431DA3FC840090A7A4 /* MXSEventsCollectionCell.swift */; };
		D94A3E491DA3FC840090A7A4 /* MXSPersonCollectionCell.swift in Sources */ = {isa = PBXBuildFile; fileRef = D94A3E451DA3FC840090A7A4 /* MXSPersonCollectionCell.swift */; };
		D94A3E4A1DA3FC840090A7A4 /* MXSSportCollectionCell.swift in Sources */ = {isa = PBXBuildFile; fileRef = D94A3E461DA3FC840090A7A4 /* MXSSportCollectionCell.swift */; };
		D94A3E4C1DA3FCEF0090A7A4 /* MXSConversationCollectionCell.swift in Sources */ = {isa = PBXBuildFile; fileRef = D94A3E4B1DA3FCEF0090A7A4 /* MXSConversationCollectionCell.swift */; };
		D94C63E61D8DE4BB00ECD7FD /* FaceBookHelper.swift in Sources */ = {isa = PBXBuildFile; fileRef = D94C63E51D8DE4BB00ECD7FD /* FaceBookHelper.swift */; };
		D94C63E91D8E914F00ECD7FD /* TwitterHelper.swift in Sources */ = {isa = PBXBuildFile; fileRef = D94C63E81D8E914F00ECD7FD /* TwitterHelper.swift */; };
		D959581B1DA57F2500481167 /* FireBaseObject.swift in Sources */ = {isa = PBXBuildFile; fileRef = D959581A1DA57F2500481167 /* FireBaseObject.swift */; };
		D959B3CB1D92D1D200981105 /* MXSFindProfileViewController.swift in Sources */ = {isa = PBXBuildFile; fileRef = D959B3CA1D92D1D200981105 /* MXSFindProfileViewController.swift */; };
		D959B3CD1D92D1DD00981105 /* MXSFindCollectionViewController.swift in Sources */ = {isa = PBXBuildFile; fileRef = D959B3CC1D92D1DD00981105 /* MXSFindCollectionViewController.swift */; };
		D959B3D11D92D24500981105 /* MXSFindProfile.storyboard in Resources */ = {isa = PBXBuildFile; fileRef = D959B3D01D92D24500981105 /* MXSFindProfile.storyboard */; };
		D959B3D81D93185000981105 /* MXSStrings.swift in Sources */ = {isa = PBXBuildFile; fileRef = D959B3D71D93185000981105 /* MXSStrings.swift */; };
		D959B3DD1D9318E000981105 /* MXSConstants.swift in Sources */ = {isa = PBXBuildFile; fileRef = D959B3DB1D9318E000981105 /* MXSConstants.swift */; };
		D959B3DE1D9318E000981105 /* MXSRessources.swift in Sources */ = {isa = PBXBuildFile; fileRef = D959B3DC1D9318E000981105 /* MXSRessources.swift */; };
		D959B3E41D93200E00981105 /* MXSProfileViewController.swift in Sources */ = {isa = PBXBuildFile; fileRef = D959B3E31D93200E00981105 /* MXSProfileViewController.swift */; };
		D959B3E61D93202200981105 /* MXSProfile.storyboard in Resources */ = {isa = PBXBuildFile; fileRef = D959B3E51D93202200981105 /* MXSProfile.storyboard */; };
		D963AE7A1E522C8000FF5B85 /* GPSLocationManager.swift in Sources */ = {isa = PBXBuildFile; fileRef = D963AE791E522C8000FF5B85 /* GPSLocationManager.swift */; };
		D998B5DC1D96E63400A045F4 /* GoogleService-Info.plist in Resources */ = {isa = PBXBuildFile; fileRef = D998B5DB1D96E63400A045F4 /* GoogleService-Info.plist */; };
		D998B5E51D97FFE000A045F4 /* EnCodeObject.swift in Sources */ = {isa = PBXBuildFile; fileRef = D998B5E41D97FFE000A045F4 /* EnCodeObject.swift */; };
		D9AAA2AB1D8F0F12004CE80C /* MXSViewController.swift in Sources */ = {isa = PBXBuildFile; fileRef = D9AAA2AA1D8F0F12004CE80C /* MXSViewController.swift */; };
		D9B58B431E64C15200858C9B /* MenuIcons.xcassets in Resources */ = {isa = PBXBuildFile; fileRef = D93AF0991E60DBE9004B5565 /* MenuIcons.xcassets */; };
		D9B58B5C1E670FF200858C9B /* UserNotifications.framework in Frameworks */ = {isa = PBXBuildFile; fileRef = D9B58B5B1E670FF200858C9B /* UserNotifications.framework */; };
		D9B64CD91D9D6C28008C5D34 /* MXSMenuViewController.swift in Sources */ = {isa = PBXBuildFile; fileRef = D9B64CD81D9D6C28008C5D34 /* MXSMenuViewController.swift */; };
		D9B64D261DA3AA2D008C5D34 /* DummyData.swift in Sources */ = {isa = PBXBuildFile; fileRef = D9B64D211DA3AA2D008C5D34 /* DummyData.swift */; };
		D9B64D2A1DA3AA2D008C5D34 /* FireBaseDataManager.swift in Sources */ = {isa = PBXBuildFile; fileRef = D9B64D251DA3AA2D008C5D34 /* FireBaseDataManager.swift */; };
		D9B64D2C1DA3AA62008C5D34 /* ConversationsDataManager.swift in Sources */ = {isa = PBXBuildFile; fileRef = D9B64D2B1DA3AA62008C5D34 /* ConversationsDataManager.swift */; };
		D9B64D2E1DA3AACF008C5D34 /* Conversation.swift in Sources */ = {isa = PBXBuildFile; fileRef = D9B64D2D1DA3AACF008C5D34 /* Conversation.swift */; };
		D9BB48131D8EB48000C12541 /* LinkedInHelper.swift in Sources */ = {isa = PBXBuildFile; fileRef = D9BB48121D8EB48000C12541 /* LinkedInHelper.swift */; };
		D9BB48251D8EF2E000C12541 /* GoogleLogInHelper.swift in Sources */ = {isa = PBXBuildFile; fileRef = D9BB48241D8EF2E000C12541 /* GoogleLogInHelper.swift */; };
		D9C086361E464A1E00122030 /* MXSLogInManager.swift in Sources */ = {isa = PBXBuildFile; fileRef = D9C086351E464A1E00122030 /* MXSLogInManager.swift */; };
		D9C086381E46698000122030 /* MXSFindManager.swift in Sources */ = {isa = PBXBuildFile; fileRef = D9C086371E46698000122030 /* MXSFindManager.swift */; };
		D9C0863C1E49DCEA00122030 /* TabBar.xcassets in Resources */ = {isa = PBXBuildFile; fileRef = D9C0863B1E49DCEA00122030 /* TabBar.xcassets */; };
		D9C0863E1E49E73400122030 /* Sports.xcassets in Resources */ = {isa = PBXBuildFile; fileRef = D9C0863D1E49E73400122030 /* Sports.xcassets */; };
		D9C086401E4A19D500122030 /* MapIcons.xcassets in Resources */ = {isa = PBXBuildFile; fileRef = D9C0863F1E4A19D500122030 /* MapIcons.xcassets */; };
		D9C086491E4A37AA00122030 /* JSONFile.swift in Sources */ = {isa = PBXBuildFile; fileRef = D9C086481E4A37AA00122030 /* JSONFile.swift */; };
		D9C0864F1E4C83C600122030 /* UserProfile.xcassets in Resources */ = {isa = PBXBuildFile; fileRef = D9C0864E1E4C83C600122030 /* UserProfile.xcassets */; };
		D9C0865C1E4DFBDA00122030 /* ChatViewController.swift in Sources */ = {isa = PBXBuildFile; fileRef = D9C086591E4DFBDA00122030 /* ChatViewController.swift */; };
		D9C0865D1E4DFBDA00122030 /* MXSConversation.storyboard in Resources */ = {isa = PBXBuildFile; fileRef = D9C0865A1E4DFBDA00122030 /* MXSConversation.storyboard */; };
		D9C0865E1E4DFBDA00122030 /* MXSConversationsViewController.swift in Sources */ = {isa = PBXBuildFile; fileRef = D9C0865B1E4DFBDA00122030 /* MXSConversationsViewController.swift */; };
		D9C086641E4DFC8100122030 /* MXSAddEventViewController.swift in Sources */ = {isa = PBXBuildFile; fileRef = D9C086601E4DFC8100122030 /* MXSAddEventViewController.swift */; };
		D9C086651E4DFC8100122030 /* MXSCreateAccountViewController.swift in Sources */ = {isa = PBXBuildFile; fileRef = D9C086611E4DFC8100122030 /* MXSCreateAccountViewController.swift */; };
		D9C086661E4DFC8100122030 /* MXSWellCome.storyboard in Resources */ = {isa = PBXBuildFile; fileRef = D9C086621E4DFC8100122030 /* MXSWellCome.storyboard */; };
		D9C086671E4DFC8100122030 /* MXSWellComeViewController.swift in Sources */ = {isa = PBXBuildFile; fileRef = D9C086631E4DFC8100122030 /* MXSWellComeViewController.swift */; };
		D9C086691E4E026800122030 /* MXSTuttorialViewController.swift in Sources */ = {isa = PBXBuildFile; fileRef = D9C086681E4E026800122030 /* MXSTuttorialViewController.swift */; };
		D9C0866B1E4E094500122030 /* MXSTuttorialCollectionCell.swift in Sources */ = {isa = PBXBuildFile; fileRef = D9C0866A1E4E094500122030 /* MXSTuttorialCollectionCell.swift */; };
/* End PBXBuildFile section */

/* Begin PBXContainerItemProxy section */
		D926BAB11D8D6A6400E3878C /* PBXContainerItemProxy */ = {
			isa = PBXContainerItemProxy;
			containerPortal = D926BA941D8D6A6400E3878C /* Project object */;
			proxyType = 1;
			remoteGlobalIDString = D926BA9B1D8D6A6400E3878C;
			remoteInfo = MeetXSweat;
		};
		D926BABC1D8D6A6400E3878C /* PBXContainerItemProxy */ = {
			isa = PBXContainerItemProxy;
			containerPortal = D926BA941D8D6A6400E3878C /* Project object */;
			proxyType = 1;
			remoteGlobalIDString = D926BA9B1D8D6A6400E3878C;
			remoteInfo = MeetXSweat;
		};
/* End PBXContainerItemProxy section */

/* Begin PBXFileReference section */
		187326795C00B62EA5F40D4B /* Pods-MeetXSweatTests.release.xcconfig */ = {isa = PBXFileReference; includeInIndex = 1; lastKnownFileType = text.xcconfig; name = "Pods-MeetXSweatTests.release.xcconfig"; path = "Pods/Target Support Files/Pods-MeetXSweatTests/Pods-MeetXSweatTests.release.xcconfig"; sourceTree = "<group>"; };
		1A5D3A7424A337CE14A9730B /* Pods-MeetXSweatProd.release.xcconfig */ = {isa = PBXFileReference; includeInIndex = 1; lastKnownFileType = text.xcconfig; name = "Pods-MeetXSweatProd.release.xcconfig"; path = "Pods/Target Support Files/Pods-MeetXSweatProd/Pods-MeetXSweatProd.release.xcconfig"; sourceTree = "<group>"; };
		2994B391032B351D94FC1B09 /* Pods_MeetXSweat.framework */ = {isa = PBXFileReference; explicitFileType = wrapper.framework; includeInIndex = 0; path = Pods_MeetXSweat.framework; sourceTree = BUILT_PRODUCTS_DIR; };
		31432F17C675D4F9FF0518AF /* Pods-MeetXSweat.release.xcconfig */ = {isa = PBXFileReference; includeInIndex = 1; lastKnownFileType = text.xcconfig; name = "Pods-MeetXSweat.release.xcconfig"; path = "Pods/Target Support Files/Pods-MeetXSweat/Pods-MeetXSweat.release.xcconfig"; sourceTree = "<group>"; };
		AD0F30286484448AC09BB5CC /* Pods_MeetXSweatProd.framework */ = {isa = PBXFileReference; explicitFileType = wrapper.framework; includeInIndex = 0; path = Pods_MeetXSweatProd.framework; sourceTree = BUILT_PRODUCTS_DIR; };
		AF2D9D79CD6E67071DA136A4 /* Pods_MeetXSweatTests.framework */ = {isa = PBXFileReference; explicitFileType = wrapper.framework; includeInIndex = 0; path = Pods_MeetXSweatTests.framework; sourceTree = BUILT_PRODUCTS_DIR; };
		B3B786CFF81DADC6EBBEA894 /* Pods-MeetXSweatProd.debug.xcconfig */ = {isa = PBXFileReference; includeInIndex = 1; lastKnownFileType = text.xcconfig; name = "Pods-MeetXSweatProd.debug.xcconfig"; path = "Pods/Target Support Files/Pods-MeetXSweatProd/Pods-MeetXSweatProd.debug.xcconfig"; sourceTree = "<group>"; };
		D907C5121E5A23CB009856E6 /* FireBaseHelper.swift */ = {isa = PBXFileReference; fileEncoding = 4; lastKnownFileType = sourcecode.swift; path = FireBaseHelper.swift; sourceTree = "<group>"; };
		D90AB56E1D93E275003DCA75 /* MXSEvent.storyboard */ = {isa = PBXFileReference; fileEncoding = 4; lastKnownFileType = file.storyboard; path = MXSEvent.storyboard; sourceTree = "<group>"; };
		D90AB5701D93E28F003DCA75 /* MXSEventViewController.swift */ = {isa = PBXFileReference; fileEncoding = 4; lastKnownFileType = sourcecode.swift; path = MXSEventViewController.swift; sourceTree = "<group>"; };
		D90AB5721D93E4D9003DCA75 /* Event.swift */ = {isa = PBXFileReference; fileEncoding = 4; lastKnownFileType = sourcecode.swift; path = Event.swift; sourceTree = "<group>"; };
		D90AB5761D93ED1C003DCA75 /* MXSEventsCollectionViewController.swift */ = {isa = PBXFileReference; fileEncoding = 4; lastKnownFileType = sourcecode.swift; name = MXSEventsCollectionViewController.swift; path = ../Profile/MXSEventsCollectionViewController.swift; sourceTree = "<group>"; };
		D90AB57B1D940522003DCA75 /* MXSPersonsCollectionViewController.swift */ = {isa = PBXFileReference; fileEncoding = 4; lastKnownFileType = sourcecode.swift; path = MXSPersonsCollectionViewController.swift; sourceTree = "<group>"; };
		D90AB57D1D940CA9003DCA75 /* MXSFindSport.storyboard */ = {isa = PBXFileReference; fileEncoding = 4; lastKnownFileType = file.storyboard; path = MXSFindSport.storyboard; sourceTree = "<group>"; };
		D90AB57F1D940CC4003DCA75 /* MXSFindDate.storyboard */ = {isa = PBXFileReference; fileEncoding = 4; lastKnownFileType = file.storyboard; path = MXSFindDate.storyboard; sourceTree = "<group>"; };
		D90AB5811D940CD2003DCA75 /* MXSFindArroundMe.storyboard */ = {isa = PBXFileReference; fileEncoding = 4; lastKnownFileType = file.storyboard; path = MXSFindArroundMe.storyboard; sourceTree = "<group>"; };
		D90AB5831D940CEA003DCA75 /* MXSFindSportViewController.swift */ = {isa = PBXFileReference; fileEncoding = 4; lastKnownFileType = sourcecode.swift; path = MXSFindSportViewController.swift; sourceTree = "<group>"; };
		D90AB5851D940CFC003DCA75 /* MXSFindDateViewController.swift */ = {isa = PBXFileReference; fileEncoding = 4; lastKnownFileType = sourcecode.swift; path = MXSFindDateViewController.swift; sourceTree = "<group>"; };
		D90AB5871D940D18003DCA75 /* MXSFindArroundMeViewController.swift */ = {isa = PBXFileReference; fileEncoding = 4; lastKnownFileType = sourcecode.swift; path = MXSFindArroundMeViewController.swift; sourceTree = "<group>"; };
		D90AB59C1D9523C0003DCA75 /* MXSSportsCollectionViewController.swift */ = {isa = PBXFileReference; fileEncoding = 4; lastKnownFileType = sourcecode.swift; path = MXSSportsCollectionViewController.swift; sourceTree = "<group>"; };
		D90AB59E1D955F20003DCA75 /* MXSCalendarCellView.xib */ = {isa = PBXFileReference; fileEncoding = 4; lastKnownFileType = file.xib; path = MXSCalendarCellView.xib; sourceTree = "<group>"; };
		D90AB5A01D955F6F003DCA75 /* MXSCalendarCellView.swift */ = {isa = PBXFileReference; fileEncoding = 4; lastKnownFileType = sourcecode.swift; path = MXSCalendarCellView.swift; sourceTree = "<group>"; };
		D90AB5A21D9562E1003DCA75 /* MXSCalendarViewController.swift */ = {isa = PBXFileReference; fileEncoding = 4; lastKnownFileType = sourcecode.swift; path = MXSCalendarViewController.swift; sourceTree = "<group>"; };
		D90AB5A41D957AE6003DCA75 /* AnimationClass.swift */ = {isa = PBXFileReference; fileEncoding = 4; lastKnownFileType = sourcecode.swift; path = AnimationClass.swift; sourceTree = "<group>"; };
		D90AB5AE1D96BE1E003DCA75 /* MXSActivityIndicator.swift */ = {isa = PBXFileReference; fileEncoding = 4; lastKnownFileType = sourcecode.swift; path = MXSActivityIndicator.swift; sourceTree = "<group>"; };
		D926BA9C1D8D6A6400E3878C /* MeetXSweat.app */ = {isa = PBXFileReference; explicitFileType = wrapper.application; includeInIndex = 0; path = MeetXSweat.app; sourceTree = BUILT_PRODUCTS_DIR; };
		D926BA9F1D8D6A6400E3878C /* AppDelegate.swift */ = {isa = PBXFileReference; lastKnownFileType = sourcecode.swift; path = AppDelegate.swift; sourceTree = "<group>"; };
		D926BAA61D8D6A6400E3878C /* Assets.xcassets */ = {isa = PBXFileReference; lastKnownFileType = folder.assetcatalog; path = Assets.xcassets; sourceTree = "<group>"; };
		D926BAA91D8D6A6400E3878C /* Base */ = {isa = PBXFileReference; lastKnownFileType = file.storyboard; name = Base; path = Base.lproj/LaunchScreen.storyboard; sourceTree = "<group>"; };
		D926BAAB1D8D6A6400E3878C /* Info.plist */ = {isa = PBXFileReference; lastKnownFileType = text.plist.xml; path = Info.plist; sourceTree = "<group>"; };
		D926BAB01D8D6A6400E3878C /* MeetXSweatTests.xctest */ = {isa = PBXFileReference; explicitFileType = wrapper.cfbundle; includeInIndex = 0; path = MeetXSweatTests.xctest; sourceTree = BUILT_PRODUCTS_DIR; };
		D926BAB41D8D6A6400E3878C /* MeetXSweatTests.swift */ = {isa = PBXFileReference; lastKnownFileType = sourcecode.swift; path = MeetXSweatTests.swift; sourceTree = "<group>"; };
		D926BAB61D8D6A6400E3878C /* Info.plist */ = {isa = PBXFileReference; lastKnownFileType = text.plist.xml; path = Info.plist; sourceTree = "<group>"; };
		D926BABB1D8D6A6400E3878C /* MeetXSweatUITests.xctest */ = {isa = PBXFileReference; explicitFileType = wrapper.cfbundle; includeInIndex = 0; path = MeetXSweatUITests.xctest; sourceTree = BUILT_PRODUCTS_DIR; };
		D926BABF1D8D6A6400E3878C /* MeetXSweatUITests.swift */ = {isa = PBXFileReference; lastKnownFileType = sourcecode.swift; path = MeetXSweatUITests.swift; sourceTree = "<group>"; };
		D926BAC11D8D6A6400E3878C /* Info.plist */ = {isa = PBXFileReference; lastKnownFileType = text.plist.xml; path = Info.plist; sourceTree = "<group>"; };
		D926BACD1D8D8C8600E3878C /* Social.framework */ = {isa = PBXFileReference; lastKnownFileType = wrapper.framework; name = Social.framework; path = System/Library/Frameworks/Social.framework; sourceTree = SDKROOT; };
		D926BAD21D8DA11F00E3878C /* MXSAllLoginsViewController.swift */ = {isa = PBXFileReference; fileEncoding = 4; lastKnownFileType = sourcecode.swift; path = MXSAllLoginsViewController.swift; sourceTree = "<group>"; };
		D926BAD71D8DA92400E3878C /* Utils.swift */ = {isa = PBXFileReference; fileEncoding = 4; lastKnownFileType = sourcecode.swift; path = Utils.swift; sourceTree = "<group>"; };
		D926BADB1D8DAF3900E3878C /* Person.swift */ = {isa = PBXFileReference; fileEncoding = 4; lastKnownFileType = sourcecode.swift; path = Person.swift; sourceTree = "<group>"; };
		D926BADF1D8DBC5100E3878C /* User.swift */ = {isa = PBXFileReference; fileEncoding = 4; lastKnownFileType = sourcecode.swift; path = User.swift; sourceTree = "<group>"; };
		D926BAE11D8DD5CB00E3878C /* UINavigationController+Connection.swift */ = {isa = PBXFileReference; fileEncoding = 4; lastKnownFileType = sourcecode.swift; path = "UINavigationController+Connection.swift"; sourceTree = "<group>"; };
		D92BAF321EF6BB010035CA8C /* AdSupport.framework */ = {isa = PBXFileReference; lastKnownFileType = wrapper.framework; name = AdSupport.framework; path = System/Library/Frameworks/AdSupport.framework; sourceTree = SDKROOT; };
		D93AF0921E60949D004B5565 /* UserViewModel.swift */ = {isa = PBXFileReference; fileEncoding = 4; lastKnownFileType = sourcecode.swift; path = UserViewModel.swift; sourceTree = "<group>"; };
		D93AF0951E60D8B4004B5565 /* MXSMenuCellView.xib */ = {isa = PBXFileReference; fileEncoding = 4; lastKnownFileType = file.xib; path = MXSMenuCellView.xib; sourceTree = "<group>"; };
		D93AF0971E60D8F6004B5565 /* MXSMenuCellView.swift */ = {isa = PBXFileReference; fileEncoding = 4; lastKnownFileType = sourcecode.swift; path = MXSMenuCellView.swift; sourceTree = "<group>"; };
		D93AF0991E60DBE9004B5565 /* MenuIcons.xcassets */ = {isa = PBXFileReference; lastKnownFileType = folder.assetcatalog; path = MenuIcons.xcassets; sourceTree = "<group>"; };
		D93AF09B1E60F1C6004B5565 /* MXSProfileDescriptionViewController.swift */ = {isa = PBXFileReference; fileEncoding = 4; lastKnownFileType = sourcecode.swift; path = MXSProfileDescriptionViewController.swift; sourceTree = "<group>"; };
		D942AD9B1E633E4C00E9FC0D /* paris.gpx */ = {isa = PBXFileReference; fileEncoding = 4; lastKnownFileType = text.xml; path = paris.gpx; sourceTree = "<group>"; };
		D94575941E44932100AF37F2 /* Main.storyboard */ = {isa = PBXFileReference; fileEncoding = 4; lastKnownFileType = file.storyboard; path = Main.storyboard; sourceTree = "<group>"; };
		D949BB5F1E5C872A00BCF3A0 /* MeetXSweat.app */ = {isa = PBXFileReference; explicitFileType = wrapper.application; includeInIndex = 0; path = MeetXSweat.app; sourceTree = BUILT_PRODUCTS_DIR; };
		D949BB601E5C872A00BCF3A0 /* MeetXSweatProd-Info.plist */ = {isa = PBXFileReference; lastKnownFileType = text.plist.xml; name = "MeetXSweatProd-Info.plist"; path = "/Users/mohamed/MeetXSweat/MeetXSweatProd-Info.plist"; sourceTree = "<absolute>"; };
		D949BB651E5C92B700BCF3A0 /* GoogleServiceProd-Info.plist */ = {isa = PBXFileReference; fileEncoding = 4; lastKnownFileType = text.plist.xml; path = "GoogleServiceProd-Info.plist"; sourceTree = "<group>"; };
		D949BB6A1E5CE03300BCF3A0 /* EventPersons.swift */ = {isa = PBXFileReference; fileEncoding = 4; lastKnownFileType = sourcecode.swift; path = EventPersons.swift; sourceTree = "<group>"; };
		D94A3E3B1DA3E6220090A7A4 /* Message.swift */ = {isa = PBXFileReference; fileEncoding = 4; lastKnownFileType = sourcecode.swift; path = Message.swift; sourceTree = "<group>"; };
		D94A3E401DA3FB1B0090A7A4 /* MXSConversationsCollectionViewController.swift */ = {isa = PBXFileReference; fileEncoding = 4; lastKnownFileType = sourcecode.swift; path = MXSConversationsCollectionViewController.swift; sourceTree = "<group>"; };
		D94A3E431DA3FC840090A7A4 /* MXSEventsCollectionCell.swift */ = {isa = PBXFileReference; fileEncoding = 4; lastKnownFileType = sourcecode.swift; path = MXSEventsCollectionCell.swift; sourceTree = "<group>"; };
		D94A3E451DA3FC840090A7A4 /* MXSPersonCollectionCell.swift */ = {isa = PBXFileReference; fileEncoding = 4; lastKnownFileType = sourcecode.swift; path = MXSPersonCollectionCell.swift; sourceTree = "<group>"; };
		D94A3E461DA3FC840090A7A4 /* MXSSportCollectionCell.swift */ = {isa = PBXFileReference; fileEncoding = 4; lastKnownFileType = sourcecode.swift; path = MXSSportCollectionCell.swift; sourceTree = "<group>"; };
		D94A3E4B1DA3FCEF0090A7A4 /* MXSConversationCollectionCell.swift */ = {isa = PBXFileReference; fileEncoding = 4; lastKnownFileType = sourcecode.swift; path = MXSConversationCollectionCell.swift; sourceTree = "<group>"; };
		D94C63E51D8DE4BB00ECD7FD /* FaceBookHelper.swift */ = {isa = PBXFileReference; fileEncoding = 4; lastKnownFileType = sourcecode.swift; path = FaceBookHelper.swift; sourceTree = "<group>"; };
		D94C63E71D8DE88A00ECD7FD /* MeetXSweat-Bridging-Header.h */ = {isa = PBXFileReference; lastKnownFileType = sourcecode.c.h; path = "MeetXSweat-Bridging-Header.h"; sourceTree = "<group>"; };
		D94C63E81D8E914F00ECD7FD /* TwitterHelper.swift */ = {isa = PBXFileReference; fileEncoding = 4; lastKnownFileType = sourcecode.swift; path = TwitterHelper.swift; sourceTree = "<group>"; };
		D959581A1DA57F2500481167 /* FireBaseObject.swift */ = {isa = PBXFileReference; fileEncoding = 4; lastKnownFileType = sourcecode.swift; path = FireBaseObject.swift; sourceTree = "<group>"; };
		D959B3CA1D92D1D200981105 /* MXSFindProfileViewController.swift */ = {isa = PBXFileReference; fileEncoding = 4; lastKnownFileType = sourcecode.swift; path = MXSFindProfileViewController.swift; sourceTree = "<group>"; };
		D959B3CC1D92D1DD00981105 /* MXSFindCollectionViewController.swift */ = {isa = PBXFileReference; fileEncoding = 4; lastKnownFileType = sourcecode.swift; name = MXSFindCollectionViewController.swift; path = FindProfile/MXSFindCollectionViewController.swift; sourceTree = "<group>"; };
		D959B3D01D92D24500981105 /* MXSFindProfile.storyboard */ = {isa = PBXFileReference; fileEncoding = 4; lastKnownFileType = file.storyboard; path = MXSFindProfile.storyboard; sourceTree = "<group>"; };
		D959B3D71D93185000981105 /* MXSStrings.swift */ = {isa = PBXFileReference; fileEncoding = 4; lastKnownFileType = sourcecode.swift; path = MXSStrings.swift; sourceTree = "<group>"; };
		D959B3DB1D9318E000981105 /* MXSConstants.swift */ = {isa = PBXFileReference; fileEncoding = 4; lastKnownFileType = sourcecode.swift; path = MXSConstants.swift; sourceTree = "<group>"; };
		D959B3DC1D9318E000981105 /* MXSRessources.swift */ = {isa = PBXFileReference; fileEncoding = 4; lastKnownFileType = sourcecode.swift; path = MXSRessources.swift; sourceTree = "<group>"; };
		D959B3E31D93200E00981105 /* MXSProfileViewController.swift */ = {isa = PBXFileReference; fileEncoding = 4; lastKnownFileType = sourcecode.swift; path = MXSProfileViewController.swift; sourceTree = "<group>"; };
		D959B3E51D93202200981105 /* MXSProfile.storyboard */ = {isa = PBXFileReference; fileEncoding = 4; lastKnownFileType = file.storyboard; path = MXSProfile.storyboard; sourceTree = "<group>"; };
		D963AE791E522C8000FF5B85 /* GPSLocationManager.swift */ = {isa = PBXFileReference; fileEncoding = 4; lastKnownFileType = sourcecode.swift; path = GPSLocationManager.swift; sourceTree = "<group>"; };
		D998B5DB1D96E63400A045F4 /* GoogleService-Info.plist */ = {isa = PBXFileReference; fileEncoding = 4; lastKnownFileType = text.plist.xml; path = "GoogleService-Info.plist"; sourceTree = "<group>"; };
		D998B5E41D97FFE000A045F4 /* EnCodeObject.swift */ = {isa = PBXFileReference; fileEncoding = 4; lastKnownFileType = sourcecode.swift; name = EnCodeObject.swift; path = ../Model/EnCodeObject.swift; sourceTree = "<group>"; };
		D9AAA2AA1D8F0F12004CE80C /* MXSViewController.swift */ = {isa = PBXFileReference; fileEncoding = 4; lastKnownFileType = sourcecode.swift; path = MXSViewController.swift; sourceTree = "<group>"; };
		D9B58B5B1E670FF200858C9B /* UserNotifications.framework */ = {isa = PBXFileReference; lastKnownFileType = wrapper.framework; name = UserNotifications.framework; path = System/Library/Frameworks/UserNotifications.framework; sourceTree = SDKROOT; };
		D9B64CD81D9D6C28008C5D34 /* MXSMenuViewController.swift */ = {isa = PBXFileReference; fileEncoding = 4; lastKnownFileType = sourcecode.swift; path = MXSMenuViewController.swift; sourceTree = "<group>"; };
		D9B64D211DA3AA2D008C5D34 /* DummyData.swift */ = {isa = PBXFileReference; fileEncoding = 4; lastKnownFileType = sourcecode.swift; path = DummyData.swift; sourceTree = "<group>"; };
		D9B64D251DA3AA2D008C5D34 /* FireBaseDataManager.swift */ = {isa = PBXFileReference; fileEncoding = 4; lastKnownFileType = sourcecode.swift; path = FireBaseDataManager.swift; sourceTree = "<group>"; };
		D9B64D2B1DA3AA62008C5D34 /* ConversationsDataManager.swift */ = {isa = PBXFileReference; fileEncoding = 4; lastKnownFileType = sourcecode.swift; path = ConversationsDataManager.swift; sourceTree = "<group>"; };
		D9B64D2D1DA3AACF008C5D34 /* Conversation.swift */ = {isa = PBXFileReference; fileEncoding = 4; lastKnownFileType = sourcecode.swift; path = Conversation.swift; sourceTree = "<group>"; };
		D9BB48121D8EB48000C12541 /* LinkedInHelper.swift */ = {isa = PBXFileReference; fileEncoding = 4; lastKnownFileType = sourcecode.swift; path = LinkedInHelper.swift; sourceTree = "<group>"; };
		D9BB48241D8EF2E000C12541 /* GoogleLogInHelper.swift */ = {isa = PBXFileReference; fileEncoding = 4; lastKnownFileType = sourcecode.swift; path = GoogleLogInHelper.swift; sourceTree = "<group>"; };
		D9C086351E464A1E00122030 /* MXSLogInManager.swift */ = {isa = PBXFileReference; fileEncoding = 4; lastKnownFileType = sourcecode.swift; path = MXSLogInManager.swift; sourceTree = "<group>"; };
		D9C086371E46698000122030 /* MXSFindManager.swift */ = {isa = PBXFileReference; fileEncoding = 4; lastKnownFileType = sourcecode.swift; path = MXSFindManager.swift; sourceTree = "<group>"; };
		D9C0863B1E49DCEA00122030 /* TabBar.xcassets */ = {isa = PBXFileReference; lastKnownFileType = folder.assetcatalog; path = TabBar.xcassets; sourceTree = "<group>"; };
		D9C0863D1E49E73400122030 /* Sports.xcassets */ = {isa = PBXFileReference; lastKnownFileType = folder.assetcatalog; path = Sports.xcassets; sourceTree = "<group>"; };
		D9C0863F1E4A19D500122030 /* MapIcons.xcassets */ = {isa = PBXFileReference; lastKnownFileType = folder.assetcatalog; path = MapIcons.xcassets; sourceTree = "<group>"; };
		D9C086481E4A37AA00122030 /* JSONFile.swift */ = {isa = PBXFileReference; fileEncoding = 4; lastKnownFileType = sourcecode.swift; path = JSONFile.swift; sourceTree = "<group>"; };
		D9C0864E1E4C83C600122030 /* UserProfile.xcassets */ = {isa = PBXFileReference; lastKnownFileType = folder.assetcatalog; path = UserProfile.xcassets; sourceTree = "<group>"; };
		D9C086591E4DFBDA00122030 /* ChatViewController.swift */ = {isa = PBXFileReference; fileEncoding = 4; lastKnownFileType = sourcecode.swift; path = ChatViewController.swift; sourceTree = "<group>"; };
		D9C0865A1E4DFBDA00122030 /* MXSConversation.storyboard */ = {isa = PBXFileReference; fileEncoding = 4; lastKnownFileType = file.storyboard; path = MXSConversation.storyboard; sourceTree = "<group>"; };
		D9C0865B1E4DFBDA00122030 /* MXSConversationsViewController.swift */ = {isa = PBXFileReference; fileEncoding = 4; lastKnownFileType = sourcecode.swift; path = MXSConversationsViewController.swift; sourceTree = "<group>"; };
		D9C086601E4DFC8100122030 /* MXSAddEventViewController.swift */ = {isa = PBXFileReference; fileEncoding = 4; lastKnownFileType = sourcecode.swift; path = MXSAddEventViewController.swift; sourceTree = "<group>"; };
		D9C086611E4DFC8100122030 /* MXSCreateAccountViewController.swift */ = {isa = PBXFileReference; fileEncoding = 4; lastKnownFileType = sourcecode.swift; path = MXSCreateAccountViewController.swift; sourceTree = "<group>"; };
		D9C086621E4DFC8100122030 /* MXSWellCome.storyboard */ = {isa = PBXFileReference; fileEncoding = 4; lastKnownFileType = file.storyboard; path = MXSWellCome.storyboard; sourceTree = "<group>"; };
		D9C086631E4DFC8100122030 /* MXSWellComeViewController.swift */ = {isa = PBXFileReference; fileEncoding = 4; lastKnownFileType = sourcecode.swift; path = MXSWellComeViewController.swift; sourceTree = "<group>"; };
		D9C086681E4E026800122030 /* MXSTuttorialViewController.swift */ = {isa = PBXFileReference; fileEncoding = 4; lastKnownFileType = sourcecode.swift; path = MXSTuttorialViewController.swift; sourceTree = "<group>"; };
		D9C0866A1E4E094500122030 /* MXSTuttorialCollectionCell.swift */ = {isa = PBXFileReference; fileEncoding = 4; lastKnownFileType = sourcecode.swift; path = MXSTuttorialCollectionCell.swift; sourceTree = "<group>"; };
		D9CCE2C91E63516D00F762C7 /* MeetXSweat.entitlements */ = {isa = PBXFileReference; lastKnownFileType = text.plist.entitlements; path = MeetXSweat.entitlements; sourceTree = "<group>"; };
		F04A0BDA1CBA2F76A3C5E1B3 /* Pods-MeetXSweatTests.debug.xcconfig */ = {isa = PBXFileReference; includeInIndex = 1; lastKnownFileType = text.xcconfig; name = "Pods-MeetXSweatTests.debug.xcconfig"; path = "Pods/Target Support Files/Pods-MeetXSweatTests/Pods-MeetXSweatTests.debug.xcconfig"; sourceTree = "<group>"; };
		FD9164CA102020F4D5ED2DE5 /* Pods-MeetXSweat.debug.xcconfig */ = {isa = PBXFileReference; includeInIndex = 1; lastKnownFileType = text.xcconfig; name = "Pods-MeetXSweat.debug.xcconfig"; path = "Pods/Target Support Files/Pods-MeetXSweat/Pods-MeetXSweat.debug.xcconfig"; sourceTree = "<group>"; };
/* End PBXFileReference section */

/* Begin PBXFrameworksBuildPhase section */
		D926BA991D8D6A6400E3878C /* Frameworks */ = {
			isa = PBXFrameworksBuildPhase;
			buildActionMask = 2147483647;
			files = (
				D92BAF331EF6BB010035CA8C /* AdSupport.framework in Frameworks */,
				D926BACE1D8D8C8600E3878C /* Social.framework in Frameworks */,
				26168A058FAF4B8C39C1342F /* Pods_MeetXSweat.framework in Frameworks */,
			);
			runOnlyForDeploymentPostprocessing = 0;
		};
		D926BAAD1D8D6A6400E3878C /* Frameworks */ = {
			isa = PBXFrameworksBuildPhase;
			buildActionMask = 2147483647;
			files = (
				1E73987874C73DEE6D84DFE3 /* Pods_MeetXSweatTests.framework in Frameworks */,
			);
			runOnlyForDeploymentPostprocessing = 0;
		};
		D926BAB81D8D6A6400E3878C /* Frameworks */ = {
			isa = PBXFrameworksBuildPhase;
			buildActionMask = 2147483647;
			files = (
			);
			runOnlyForDeploymentPostprocessing = 0;
		};
		D949BB431E5C872A00BCF3A0 /* Frameworks */ = {
			isa = PBXFrameworksBuildPhase;
			buildActionMask = 2147483647;
			files = (
				D92BAF341EF6BB080035CA8C /* AdSupport.framework in Frameworks */,
				D9B58B5C1E670FF200858C9B /* UserNotifications.framework in Frameworks */,
				D949BB441E5C872A00BCF3A0 /* Social.framework in Frameworks */,
				D949BB461E5C872A00BCF3A0 /* Pods_MeetXSweat.framework in Frameworks */,
				2CCF3C49D9C522B66D0B1E4D /* Pods_MeetXSweatProd.framework in Frameworks */,
			);
			runOnlyForDeploymentPostprocessing = 0;
		};
/* End PBXFrameworksBuildPhase section */

/* Begin PBXGroup section */
		90C5EB8F1EED51D9CF7C2EA4 /* Pods */ = {
			isa = PBXGroup;
			children = (
				FD9164CA102020F4D5ED2DE5 /* Pods-MeetXSweat.debug.xcconfig */,
				31432F17C675D4F9FF0518AF /* Pods-MeetXSweat.release.xcconfig */,
				F04A0BDA1CBA2F76A3C5E1B3 /* Pods-MeetXSweatTests.debug.xcconfig */,
				187326795C00B62EA5F40D4B /* Pods-MeetXSweatTests.release.xcconfig */,
				B3B786CFF81DADC6EBBEA894 /* Pods-MeetXSweatProd.debug.xcconfig */,
				1A5D3A7424A337CE14A9730B /* Pods-MeetXSweatProd.release.xcconfig */,
			);
			name = Pods;
			sourceTree = "<group>";
		};
		BE7C0B832DB5C6689A2CC7E2 /* Frameworks */ = {
			isa = PBXGroup;
			children = (
				D92BAF321EF6BB010035CA8C /* AdSupport.framework */,
				D9B58B5B1E670FF200858C9B /* UserNotifications.framework */,
				D926BACD1D8D8C8600E3878C /* Social.framework */,
				2994B391032B351D94FC1B09 /* Pods_MeetXSweat.framework */,
				AF2D9D79CD6E67071DA136A4 /* Pods_MeetXSweatTests.framework */,
				AD0F30286484448AC09BB5CC /* Pods_MeetXSweatProd.framework */,
			);
			name = Frameworks;
			sourceTree = "<group>";
		};
		D90AB56D1D93E262003DCA75 /* Event */ = {
			isa = PBXGroup;
			children = (
				D90AB5701D93E28F003DCA75 /* MXSEventViewController.swift */,
				D90AB56E1D93E275003DCA75 /* MXSEvent.storyboard */,
			);
			name = Event;
			path = Events;
			sourceTree = "<group>";
		};
		D90AB57A1D9404FF003DCA75 /* CollectionControllers */ = {
			isa = PBXGroup;
			children = (
				D94A3E421DA3FC840090A7A4 /* CollectionCells */,
				D90AB5761D93ED1C003DCA75 /* MXSEventsCollectionViewController.swift */,
				D90AB57B1D940522003DCA75 /* MXSPersonsCollectionViewController.swift */,
				D90AB59C1D9523C0003DCA75 /* MXSSportsCollectionViewController.swift */,
				D94A3E401DA3FB1B0090A7A4 /* MXSConversationsCollectionViewController.swift */,
			);
			name = CollectionControllers;
			path = ConllectionControllers;
			sourceTree = "<group>";
		};
		D926BA931D8D6A6400E3878C = {
			isa = PBXGroup;
			children = (
				D9CCE2C91E63516D00F762C7 /* MeetXSweat.entitlements */,
				D926BA9E1D8D6A6400E3878C /* MeetXSweat */,
				D926BAB31D8D6A6400E3878C /* MeetXSweatTests */,
				D926BABE1D8D6A6400E3878C /* MeetXSweatUITests */,
				D926BA9D1D8D6A6400E3878C /* Products */,
				90C5EB8F1EED51D9CF7C2EA4 /* Pods */,
				BE7C0B832DB5C6689A2CC7E2 /* Frameworks */,
			);
			sourceTree = "<group>";
		};
		D926BA9D1D8D6A6400E3878C /* Products */ = {
			isa = PBXGroup;
			children = (
				D926BA9C1D8D6A6400E3878C /* MeetXSweat.app */,
				D926BAB01D8D6A6400E3878C /* MeetXSweatTests.xctest */,
				D926BABB1D8D6A6400E3878C /* MeetXSweatUITests.xctest */,
				D949BB5F1E5C872A00BCF3A0 /* MeetXSweat.app */,
			);
			name = Products;
			sourceTree = "<group>";
		};
		D926BA9E1D8D6A6400E3878C /* MeetXSweat */ = {
			isa = PBXGroup;
			children = (
				D942AD9B1E633E4C00E9FC0D /* paris.gpx */,
				D926BAD41D8DA12800E3878C /* Utils */,
				D9BEC5561D9063F8006DAAAC /* UIElements */,
				D926BAD11D8DA11F00E3878C /* Controllers */,
				D9B64D201DA3AA2D008C5D34 /* Managers */,
				D926BADA1D8DAF1400E3878C /* Model */,
				D926BA9F1D8D6A6400E3878C /* AppDelegate.swift */,
				D94575941E44932100AF37F2 /* Main.storyboard */,
				D959B3D71D93185000981105 /* MXSStrings.swift */,
				D959B3DB1D9318E000981105 /* MXSConstants.swift */,
				D959B3DC1D9318E000981105 /* MXSRessources.swift */,
				D926BAA61D8D6A6400E3878C /* Assets.xcassets */,
				D926BAA81D8D6A6400E3878C /* LaunchScreen.storyboard */,
				D926BAAB1D8D6A6400E3878C /* Info.plist */,
				D949BB601E5C872A00BCF3A0 /* MeetXSweatProd-Info.plist */,
				D998B5DB1D96E63400A045F4 /* GoogleService-Info.plist */,
				D949BB651E5C92B700BCF3A0 /* GoogleServiceProd-Info.plist */,
				D94C63E71D8DE88A00ECD7FD /* MeetXSweat-Bridging-Header.h */,
				D9C0863B1E49DCEA00122030 /* TabBar.xcassets */,
				D9C0863D1E49E73400122030 /* Sports.xcassets */,
				D9C0863F1E4A19D500122030 /* MapIcons.xcassets */,
				D9C0864E1E4C83C600122030 /* UserProfile.xcassets */,
				D93AF0991E60DBE9004B5565 /* MenuIcons.xcassets */,
			);
			path = MeetXSweat;
			sourceTree = "<group>";
		};
		D926BAB31D8D6A6400E3878C /* MeetXSweatTests */ = {
			isa = PBXGroup;
			children = (
				D926BAB41D8D6A6400E3878C /* MeetXSweatTests.swift */,
				D926BAB61D8D6A6400E3878C /* Info.plist */,
			);
			path = MeetXSweatTests;
			sourceTree = "<group>";
		};
		D926BABE1D8D6A6400E3878C /* MeetXSweatUITests */ = {
			isa = PBXGroup;
			children = (
				D926BABF1D8D6A6400E3878C /* MeetXSweatUITests.swift */,
				D926BAC11D8D6A6400E3878C /* Info.plist */,
			);
			path = MeetXSweatUITests;
			sourceTree = "<group>";
		};
		D926BAD11D8DA11F00E3878C /* Controllers */ = {
			isa = PBXGroup;
			children = (
				D959B3C91D92CF1600981105 /* FindSport */,
				D9C0865F1E4DFC8100122030 /* Other */,
				D9C086581E4DFBDA00122030 /* Conversation */,
				D90AB57A1D9404FF003DCA75 /* CollectionControllers */,
				D90AB56D1D93E262003DCA75 /* Event */,
				D959B3E21D931FF300981105 /* Profile */,
				D959B3C71D92CF1600981105 /* FindArroundMe */,
				D959B3C81D92CF1600981105 /* FindDate */,
				D959B3C61D92CF0C00981105 /* FindProfile */,
				D9AAA2AA1D8F0F12004CE80C /* MXSViewController.swift */,
				D959B3CC1D92D1DD00981105 /* MXSFindCollectionViewController.swift */,
				D926BAE11D8DD5CB00E3878C /* UINavigationController+Connection.swift */,
				D926BAD21D8DA11F00E3878C /* MXSAllLoginsViewController.swift */,
				D9B64CD81D9D6C28008C5D34 /* MXSMenuViewController.swift */,
			);
			path = Controllers;
			sourceTree = "<group>";
		};
		D926BAD41D8DA12800E3878C /* Utils */ = {
			isa = PBXGroup;
			children = (
				D998B5E11D97F06B00A045F4 /* Extensions */,
				D90AB5A41D957AE6003DCA75 /* AnimationClass.swift */,
				D926BAD71D8DA92400E3878C /* Utils.swift */,
				D94C63E51D8DE4BB00ECD7FD /* FaceBookHelper.swift */,
				D94C63E81D8E914F00ECD7FD /* TwitterHelper.swift */,
				D9BB48121D8EB48000C12541 /* LinkedInHelper.swift */,
				D9BB48241D8EF2E000C12541 /* GoogleLogInHelper.swift */,
				D998B5E41D97FFE000A045F4 /* EnCodeObject.swift */,
				D959581A1DA57F2500481167 /* FireBaseObject.swift */,
				D9C086481E4A37AA00122030 /* JSONFile.swift */,
				D907C5121E5A23CB009856E6 /* FireBaseHelper.swift */,
			);
			path = Utils;
			sourceTree = "<group>";
		};
		D926BADA1D8DAF1400E3878C /* Model */ = {
			isa = PBXGroup;
			children = (
				D926BADB1D8DAF3900E3878C /* Person.swift */,
				D926BADF1D8DBC5100E3878C /* User.swift */,
				D90AB5721D93E4D9003DCA75 /* Event.swift */,
				D9B64D2D1DA3AACF008C5D34 /* Conversation.swift */,
				D94A3E3B1DA3E6220090A7A4 /* Message.swift */,
				D949BB6A1E5CE03300BCF3A0 /* EventPersons.swift */,
			);
			path = Model;
			sourceTree = "<group>";
		};
		D94A3E421DA3FC840090A7A4 /* CollectionCells */ = {
			isa = PBXGroup;
			children = (
				D94A3E431DA3FC840090A7A4 /* MXSEventsCollectionCell.swift */,
				D94A3E451DA3FC840090A7A4 /* MXSPersonCollectionCell.swift */,
				D94A3E461DA3FC840090A7A4 /* MXSSportCollectionCell.swift */,
				D94A3E4B1DA3FCEF0090A7A4 /* MXSConversationCollectionCell.swift */,
				D9C0866A1E4E094500122030 /* MXSTuttorialCollectionCell.swift */,
			);
			path = CollectionCells;
			sourceTree = "<group>";
		};
		D959B3C61D92CF0C00981105 /* FindProfile */ = {
			isa = PBXGroup;
			children = (
				D959B3CA1D92D1D200981105 /* MXSFindProfileViewController.swift */,
				D959B3D01D92D24500981105 /* MXSFindProfile.storyboard */,
			);
			path = FindProfile;
			sourceTree = "<group>";
		};
		D959B3C71D92CF1600981105 /* FindArroundMe */ = {
			isa = PBXGroup;
			children = (
				D90AB5871D940D18003DCA75 /* MXSFindArroundMeViewController.swift */,
				D90AB5811D940CD2003DCA75 /* MXSFindArroundMe.storyboard */,
			);
			path = FindArroundMe;
			sourceTree = "<group>";
		};
		D959B3C81D92CF1600981105 /* FindDate */ = {
			isa = PBXGroup;
			children = (
				D90AB5A21D9562E1003DCA75 /* MXSCalendarViewController.swift */,
				D90AB5851D940CFC003DCA75 /* MXSFindDateViewController.swift */,
				D90AB57F1D940CC4003DCA75 /* MXSFindDate.storyboard */,
			);
			path = FindDate;
			sourceTree = "<group>";
		};
		D959B3C91D92CF1600981105 /* FindSport */ = {
			isa = PBXGroup;
			children = (
				D90AB5831D940CEA003DCA75 /* MXSFindSportViewController.swift */,
				D90AB57D1D940CA9003DCA75 /* MXSFindSport.storyboard */,
			);
			path = FindSport;
			sourceTree = "<group>";
		};
		D959B3E21D931FF300981105 /* Profile */ = {
			isa = PBXGroup;
			children = (
				D959B3E31D93200E00981105 /* MXSProfileViewController.swift */,
				D959B3E51D93202200981105 /* MXSProfile.storyboard */,
				D93AF09B1E60F1C6004B5565 /* MXSProfileDescriptionViewController.swift */,
			);
			path = Profile;
			sourceTree = "<group>";
		};
		D998B5E11D97F06B00A045F4 /* Extensions */ = {
			isa = PBXGroup;
			children = (
			);
			path = Extensions;
			sourceTree = "<group>";
		};
		D9B64D201DA3AA2D008C5D34 /* Managers */ = {
			isa = PBXGroup;
			children = (
				D9B64D211DA3AA2D008C5D34 /* DummyData.swift */,
				D9B64D251DA3AA2D008C5D34 /* FireBaseDataManager.swift */,
				D9C086371E46698000122030 /* MXSFindManager.swift */,
				D9B64D2B1DA3AA62008C5D34 /* ConversationsDataManager.swift */,
				D9C086351E464A1E00122030 /* MXSLogInManager.swift */,
				D963AE791E522C8000FF5B85 /* GPSLocationManager.swift */,
				D93AF0921E60949D004B5565 /* UserViewModel.swift */,
			);
			path = Managers;
			sourceTree = "<group>";
		};
		D9BEC5561D9063F8006DAAAC /* UIElements */ = {
			isa = PBXGroup;
			children = (
				D90AB59E1D955F20003DCA75 /* MXSCalendarCellView.xib */,
				D90AB5A01D955F6F003DCA75 /* MXSCalendarCellView.swift */,
				D90AB5AE1D96BE1E003DCA75 /* MXSActivityIndicator.swift */,
				D93AF0951E60D8B4004B5565 /* MXSMenuCellView.xib */,
				D93AF0971E60D8F6004B5565 /* MXSMenuCellView.swift */,
			);
			path = UIElements;
			sourceTree = "<group>";
		};
		D9C086581E4DFBDA00122030 /* Conversation */ = {
			isa = PBXGroup;
			children = (
				D9C086591E4DFBDA00122030 /* ChatViewController.swift */,
				D9C0865A1E4DFBDA00122030 /* MXSConversation.storyboard */,
				D9C0865B1E4DFBDA00122030 /* MXSConversationsViewController.swift */,
			);
			path = Conversation;
			sourceTree = "<group>";
		};
		D9C0865F1E4DFC8100122030 /* Other */ = {
			isa = PBXGroup;
			children = (
				D9C086601E4DFC8100122030 /* MXSAddEventViewController.swift */,
				D9C086611E4DFC8100122030 /* MXSCreateAccountViewController.swift */,
				D9C086621E4DFC8100122030 /* MXSWellCome.storyboard */,
				D9C086631E4DFC8100122030 /* MXSWellComeViewController.swift */,
				D9C086681E4E026800122030 /* MXSTuttorialViewController.swift */,
			);
			path = Other;
			sourceTree = "<group>";
		};
/* End PBXGroup section */

/* Begin PBXNativeTarget section */
		D926BA9B1D8D6A6400E3878C /* MeetXSweat */ = {
			isa = PBXNativeTarget;
			buildConfigurationList = D926BAC41D8D6A6400E3878C /* Build configuration list for PBXNativeTarget "MeetXSweat" */;
			buildPhases = (
				AC872394201744F67E2AA1ED /* [CP] Check Pods Manifest.lock */,
				D926BA981D8D6A6400E3878C /* Sources */,
				D926BA991D8D6A6400E3878C /* Frameworks */,
				D926BA9A1D8D6A6400E3878C /* Resources */,
				C5B4144B16157C6FB5E34947 /* [CP] Embed Pods Frameworks */,
				F198259677107E65EFFCBEE0 /* [CP] Copy Pods Resources */,
				D9BB48091D8E93C100C12541 /* ShellScript */,
			);
			buildRules = (
			);
			dependencies = (
			);
			name = MeetXSweat;
			productName = MeetXSweat;
			productReference = D926BA9C1D8D6A6400E3878C /* MeetXSweat.app */;
			productType = "com.apple.product-type.application";
		};
		D926BAAF1D8D6A6400E3878C /* MeetXSweatTests */ = {
			isa = PBXNativeTarget;
			buildConfigurationList = D926BAC71D8D6A6400E3878C /* Build configuration list for PBXNativeTarget "MeetXSweatTests" */;
			buildPhases = (
				BB34CB807CCE09D3CD144DD2 /* [CP] Check Pods Manifest.lock */,
				D926BAAC1D8D6A6400E3878C /* Sources */,
				D926BAAD1D8D6A6400E3878C /* Frameworks */,
				D926BAAE1D8D6A6400E3878C /* Resources */,
				01478A6DC40F1DDA425CB728 /* [CP] Embed Pods Frameworks */,
				7FC6F26C833BCC32F46A6710 /* [CP] Copy Pods Resources */,
			);
			buildRules = (
			);
			dependencies = (
				D926BAB21D8D6A6400E3878C /* PBXTargetDependency */,
			);
			name = MeetXSweatTests;
			productName = MeetXSweatTests;
			productReference = D926BAB01D8D6A6400E3878C /* MeetXSweatTests.xctest */;
			productType = "com.apple.product-type.bundle.unit-test";
		};
		D926BABA1D8D6A6400E3878C /* MeetXSweatUITests */ = {
			isa = PBXNativeTarget;
			buildConfigurationList = D926BACA1D8D6A6400E3878C /* Build configuration list for PBXNativeTarget "MeetXSweatUITests" */;
			buildPhases = (
				D926BAB71D8D6A6400E3878C /* Sources */,
				D926BAB81D8D6A6400E3878C /* Frameworks */,
				D926BAB91D8D6A6400E3878C /* Resources */,
			);
			buildRules = (
			);
			dependencies = (
				D926BABD1D8D6A6400E3878C /* PBXTargetDependency */,
			);
			name = MeetXSweatUITests;
			productName = MeetXSweatUITests;
			productReference = D926BABB1D8D6A6400E3878C /* MeetXSweatUITests.xctest */;
			productType = "com.apple.product-type.bundle.ui-testing";
		};
		D949BB051E5C872A00BCF3A0 /* MeetXSweatProd */ = {
			isa = PBXNativeTarget;
			buildConfigurationList = D949BB5C1E5C872A00BCF3A0 /* Build configuration list for PBXNativeTarget "MeetXSweatProd" */;
			buildPhases = (
				D949BB061E5C872A00BCF3A0 /* [CP] Check Pods Manifest.lock */,
				D949BB071E5C872A00BCF3A0 /* Sources */,
				D949BB431E5C872A00BCF3A0 /* Frameworks */,
				D949BB471E5C872A00BCF3A0 /* Resources */,
				D949BB591E5C872A00BCF3A0 /* [CP] Embed Pods Frameworks */,
				D949BB5A1E5C872A00BCF3A0 /* [CP] Copy Pods Resources */,
				D949BB5B1E5C872A00BCF3A0 /* ShellScript */,
			);
			buildRules = (
			);
			dependencies = (
			);
			name = MeetXSweatProd;
			productName = MeetXSweat;
			productReference = D949BB5F1E5C872A00BCF3A0 /* MeetXSweat.app */;
			productType = "com.apple.product-type.application";
		};
/* End PBXNativeTarget section */

/* Begin PBXProject section */
		D926BA941D8D6A6400E3878C /* Project object */ = {
			isa = PBXProject;
			attributes = {
				LastSwiftUpdateCheck = 0730;
				LastUpgradeCheck = 0820;
				ORGANIZATIONNAME = "Mohamed BOUMANSOUR";
				TargetAttributes = {
					D926BA9B1D8D6A6400E3878C = {
						CreatedOnToolsVersion = 7.3.1;
						DevelopmentTeam = G728K2KM26;
						LastSwiftMigration = 0820;
						ProvisioningStyle = Automatic;
						SystemCapabilities = {
							com.apple.Maps.iOS = {
								enabled = 0;
							};
							com.apple.Push = {
								enabled = 1;
							};
						};
					};
					D926BAAF1D8D6A6400E3878C = {
						CreatedOnToolsVersion = 7.3.1;
						LastSwiftMigration = 0820;
						TestTargetID = D926BA9B1D8D6A6400E3878C;
					};
					D926BABA1D8D6A6400E3878C = {
						CreatedOnToolsVersion = 7.3.1;
						LastSwiftMigration = 0820;
						TestTargetID = D926BA9B1D8D6A6400E3878C;
					};
					D949BB051E5C872A00BCF3A0 = {
						DevelopmentTeam = G728K2KM26;
						LastSwiftMigration = 0820;
						ProvisioningStyle = Automatic;
						SystemCapabilities = {
							com.apple.Maps.iOS = {
								enabled = 0;
							};
							com.apple.Push = {
								enabled = 1;
							};
						};
					};
				};
			};
			buildConfigurationList = D926BA971D8D6A6400E3878C /* Build configuration list for PBXProject "MeetXSweat" */;
			compatibilityVersion = "Xcode 3.2";
			developmentRegion = English;
			hasScannedForEncodings = 0;
			knownRegions = (
				en,
				Base,
			);
			mainGroup = D926BA931D8D6A6400E3878C;
			productRefGroup = D926BA9D1D8D6A6400E3878C /* Products */;
			projectDirPath = "";
			projectRoot = "";
			targets = (
				D926BA9B1D8D6A6400E3878C /* MeetXSweat */,
				D949BB051E5C872A00BCF3A0 /* MeetXSweatProd */,
				D926BAAF1D8D6A6400E3878C /* MeetXSweatTests */,
				D926BABA1D8D6A6400E3878C /* MeetXSweatUITests */,
			);
		};
/* End PBXProject section */

/* Begin PBXResourcesBuildPhase section */
		D926BA9A1D8D6A6400E3878C /* Resources */ = {
			isa = PBXResourcesBuildPhase;
			buildActionMask = 2147483647;
			files = (
				D9C086661E4DFC8100122030 /* MXSWellCome.storyboard in Resources */,
				D93AF09A1E60DBE9004B5565 /* MenuIcons.xcassets in Resources */,
				D9C0864F1E4C83C600122030 /* UserProfile.xcassets in Resources */,
				D90AB59F1D955F20003DCA75 /* MXSCalendarCellView.xib in Resources */,
				D90AB56F1D93E275003DCA75 /* MXSEvent.storyboard in Resources */,
				D9C0863C1E49DCEA00122030 /* TabBar.xcassets in Resources */,
				D9C0865D1E4DFBDA00122030 /* MXSConversation.storyboard in Resources */,
				D94575951E44932100AF37F2 /* Main.storyboard in Resources */,
				D926BAAA1D8D6A6400E3878C /* LaunchScreen.storyboard in Resources */,
				D942AD9C1E633E4C00E9FC0D /* paris.gpx in Resources */,
				D9C0863E1E49E73400122030 /* Sports.xcassets in Resources */,
				D9C086401E4A19D500122030 /* MapIcons.xcassets in Resources */,
				D93AF0961E60D8B4004B5565 /* MXSMenuCellView.xib in Resources */,
				D90AB5801D940CC4003DCA75 /* MXSFindDate.storyboard in Resources */,
				D926BAA71D8D6A6400E3878C /* Assets.xcassets in Resources */,
				D959B3E61D93202200981105 /* MXSProfile.storyboard in Resources */,
				D90AB5821D940CD2003DCA75 /* MXSFindArroundMe.storyboard in Resources */,
				D959B3D11D92D24500981105 /* MXSFindProfile.storyboard in Resources */,
				D998B5DC1D96E63400A045F4 /* GoogleService-Info.plist in Resources */,
				D90AB57E1D940CA9003DCA75 /* MXSFindSport.storyboard in Resources */,
			);
			runOnlyForDeploymentPostprocessing = 0;
		};
		D926BAAE1D8D6A6400E3878C /* Resources */ = {
			isa = PBXResourcesBuildPhase;
			buildActionMask = 2147483647;
			files = (
				D94575961E44932100AF37F2 /* Main.storyboard in Resources */,
			);
			runOnlyForDeploymentPostprocessing = 0;
		};
		D926BAB91D8D6A6400E3878C /* Resources */ = {
			isa = PBXResourcesBuildPhase;
			buildActionMask = 2147483647;
			files = (
				D94575971E44932100AF37F2 /* Main.storyboard in Resources */,
			);
			runOnlyForDeploymentPostprocessing = 0;
		};
		D949BB471E5C872A00BCF3A0 /* Resources */ = {
			isa = PBXResourcesBuildPhase;
			buildActionMask = 2147483647;
			files = (
				D949BB481E5C872A00BCF3A0 /* MXSWellCome.storyboard in Resources */,
				D9B58B431E64C15200858C9B /* MenuIcons.xcassets in Resources */,
				D949BB661E5C92B700BCF3A0 /* GoogleServiceProd-Info.plist in Resources */,
				D949BB491E5C872A00BCF3A0 /* UserProfile.xcassets in Resources */,
				D949BB4A1E5C872A00BCF3A0 /* MXSCalendarCellView.xib in Resources */,
				D949BB4B1E5C872A00BCF3A0 /* MXSEvent.storyboard in Resources */,
				D949BB4C1E5C872A00BCF3A0 /* TabBar.xcassets in Resources */,
				D949BB4D1E5C872A00BCF3A0 /* MXSConversation.storyboard in Resources */,
				D949BB4E1E5C872A00BCF3A0 /* Main.storyboard in Resources */,
				D949BB4F1E5C872A00BCF3A0 /* LaunchScreen.storyboard in Resources */,
				D949BB501E5C872A00BCF3A0 /* Sports.xcassets in Resources */,
				D93AF09E1E60F1D7004B5565 /* MXSMenuCellView.xib in Resources */,
				D949BB511E5C872A00BCF3A0 /* MapIcons.xcassets in Resources */,
				D949BB521E5C872A00BCF3A0 /* MXSFindDate.storyboard in Resources */,
				D949BB531E5C872A00BCF3A0 /* Assets.xcassets in Resources */,
				D949BB541E5C872A00BCF3A0 /* MXSProfile.storyboard in Resources */,
				D949BB551E5C872A00BCF3A0 /* MXSFindArroundMe.storyboard in Resources */,
				D949BB561E5C872A00BCF3A0 /* MXSFindProfile.storyboard in Resources */,
				D949BB581E5C872A00BCF3A0 /* MXSFindSport.storyboard in Resources */,
			);
			runOnlyForDeploymentPostprocessing = 0;
		};
/* End PBXResourcesBuildPhase section */

/* Begin PBXShellScriptBuildPhase section */
		01478A6DC40F1DDA425CB728 /* [CP] Embed Pods Frameworks */ = {
			isa = PBXShellScriptBuildPhase;
			buildActionMask = 2147483647;
			files = (
			);
			inputPaths = (
			);
			name = "[CP] Embed Pods Frameworks";
			outputPaths = (
			);
			runOnlyForDeploymentPostprocessing = 0;
			shellPath = /bin/sh;
			shellScript = "\"${SRCROOT}/Pods/Target Support Files/Pods-MeetXSweatTests/Pods-MeetXSweatTests-frameworks.sh\"\n";
			showEnvVarsInLog = 0;
		};
		7FC6F26C833BCC32F46A6710 /* [CP] Copy Pods Resources */ = {
			isa = PBXShellScriptBuildPhase;
			buildActionMask = 2147483647;
			files = (
			);
			inputPaths = (
			);
			name = "[CP] Copy Pods Resources";
			outputPaths = (
			);
			runOnlyForDeploymentPostprocessing = 0;
			shellPath = /bin/sh;
			shellScript = "\"${SRCROOT}/Pods/Target Support Files/Pods-MeetXSweatTests/Pods-MeetXSweatTests-resources.sh\"\n";
			showEnvVarsInLog = 0;
		};
		AC872394201744F67E2AA1ED /* [CP] Check Pods Manifest.lock */ = {
			isa = PBXShellScriptBuildPhase;
			buildActionMask = 2147483647;
			files = (
			);
			inputPaths = (
			);
			name = "[CP] Check Pods Manifest.lock";
			outputPaths = (
			);
			runOnlyForDeploymentPostprocessing = 0;
			shellPath = /bin/sh;
			shellScript = "diff \"${PODS_ROOT}/../Podfile.lock\" \"${PODS_ROOT}/Manifest.lock\" > /dev/null\nif [ $? != 0 ] ; then\n    # print error to STDERR\n    echo \"error: The sandbox is not in sync with the Podfile.lock. Run 'pod install' or update your CocoaPods installation.\" >&2\n    exit 1\nfi\n";
			showEnvVarsInLog = 0;
		};
		BB34CB807CCE09D3CD144DD2 /* [CP] Check Pods Manifest.lock */ = {
			isa = PBXShellScriptBuildPhase;
			buildActionMask = 2147483647;
			files = (
			);
			inputPaths = (
			);
			name = "[CP] Check Pods Manifest.lock";
			outputPaths = (
			);
			runOnlyForDeploymentPostprocessing = 0;
			shellPath = /bin/sh;
			shellScript = "diff \"${PODS_ROOT}/../Podfile.lock\" \"${PODS_ROOT}/Manifest.lock\" > /dev/null\nif [ $? != 0 ] ; then\n    # print error to STDERR\n    echo \"error: The sandbox is not in sync with the Podfile.lock. Run 'pod install' or update your CocoaPods installation.\" >&2\n    exit 1\nfi\n";
			showEnvVarsInLog = 0;
		};
		C5B4144B16157C6FB5E34947 /* [CP] Embed Pods Frameworks */ = {
			isa = PBXShellScriptBuildPhase;
			buildActionMask = 2147483647;
			files = (
			);
			inputPaths = (
			);
			name = "[CP] Embed Pods Frameworks";
			outputPaths = (
			);
			runOnlyForDeploymentPostprocessing = 0;
			shellPath = /bin/sh;
			shellScript = "\"${SRCROOT}/Pods/Target Support Files/Pods-MeetXSweat/Pods-MeetXSweat-frameworks.sh\"\n";
			showEnvVarsInLog = 0;
		};
		D949BB061E5C872A00BCF3A0 /* [CP] Check Pods Manifest.lock */ = {
			isa = PBXShellScriptBuildPhase;
			buildActionMask = 2147483647;
			files = (
			);
			inputPaths = (
			);
			name = "[CP] Check Pods Manifest.lock";
			outputPaths = (
			);
			runOnlyForDeploymentPostprocessing = 0;
			shellPath = /bin/sh;
			shellScript = "diff \"${PODS_ROOT}/../Podfile.lock\" \"${PODS_ROOT}/Manifest.lock\" > /dev/null\nif [ $? != 0 ] ; then\n    # print error to STDERR\n    echo \"error: The sandbox is not in sync with the Podfile.lock. Run 'pod install' or update your CocoaPods installation.\" >&2\n    exit 1\nfi\n";
			showEnvVarsInLog = 0;
		};
		D949BB591E5C872A00BCF3A0 /* [CP] Embed Pods Frameworks */ = {
			isa = PBXShellScriptBuildPhase;
			buildActionMask = 2147483647;
			files = (
			);
			inputPaths = (
			);
			name = "[CP] Embed Pods Frameworks";
			outputPaths = (
			);
			runOnlyForDeploymentPostprocessing = 0;
			shellPath = /bin/sh;
			shellScript = "\"${SRCROOT}/Pods/Target Support Files/Pods-MeetXSweatProd/Pods-MeetXSweatProd-frameworks.sh\"\n";
			showEnvVarsInLog = 0;
		};
		D949BB5A1E5C872A00BCF3A0 /* [CP] Copy Pods Resources */ = {
			isa = PBXShellScriptBuildPhase;
			buildActionMask = 2147483647;
			files = (
			);
			inputPaths = (
			);
			name = "[CP] Copy Pods Resources";
			outputPaths = (
			);
			runOnlyForDeploymentPostprocessing = 0;
			shellPath = /bin/sh;
			shellScript = "\"${SRCROOT}/Pods/Target Support Files/Pods-MeetXSweatProd/Pods-MeetXSweatProd-resources.sh\"\n";
			showEnvVarsInLog = 0;
		};
		D949BB5B1E5C872A00BCF3A0 /* ShellScript */ = {
			isa = PBXShellScriptBuildPhase;
			buildActionMask = 2147483647;
			files = (
			);
			inputPaths = (
			);
			outputPaths = (
			);
			runOnlyForDeploymentPostprocessing = 0;
			shellPath = /bin/sh;
			shellScript = "\"${PODS_ROOT}/Fabric/run\" 62977dc8c8f12b0dde348863eb757d3007e2c01a 61af0811c6d6d49ebc29aa3bd09db050f141c44afb916a7337abd8c2e8a2235c";
		};
		D9BB48091D8E93C100C12541 /* ShellScript */ = {
			isa = PBXShellScriptBuildPhase;
			buildActionMask = 2147483647;
			files = (
			);
			inputPaths = (
			);
			outputPaths = (
			);
			runOnlyForDeploymentPostprocessing = 0;
			shellPath = /bin/sh;
			shellScript = "\"${PODS_ROOT}/Fabric/run\" 62977dc8c8f12b0dde348863eb757d3007e2c01a 61af0811c6d6d49ebc29aa3bd09db050f141c44afb916a7337abd8c2e8a2235c";
		};
		F198259677107E65EFFCBEE0 /* [CP] Copy Pods Resources */ = {
			isa = PBXShellScriptBuildPhase;
			buildActionMask = 2147483647;
			files = (
			);
			inputPaths = (
			);
			name = "[CP] Copy Pods Resources";
			outputPaths = (
			);
			runOnlyForDeploymentPostprocessing = 0;
			shellPath = /bin/sh;
			shellScript = "\"${SRCROOT}/Pods/Target Support Files/Pods-MeetXSweat/Pods-MeetXSweat-resources.sh\"\n";
			showEnvVarsInLog = 0;
		};
/* End PBXShellScriptBuildPhase section */

/* Begin PBXSourcesBuildPhase section */
		D926BA981D8D6A6400E3878C /* Sources */ = {
			isa = PBXSourcesBuildPhase;
			buildActionMask = 2147483647;
			files = (
				D90AB5711D93E28F003DCA75 /* MXSEventViewController.swift in Sources */,
				D926BADC1D8DAF3900E3878C /* Person.swift in Sources */,
				D94A3E411DA3FB1B0090A7A4 /* MXSConversationsCollectionViewController.swift in Sources */,
				D959B3D81D93185000981105 /* MXSStrings.swift in Sources */,
				D959B3CD1D92D1DD00981105 /* MXSFindCollectionViewController.swift in Sources */,
				D9B64D2A1DA3AA2D008C5D34 /* FireBaseDataManager.swift in Sources */,
				D9C086641E4DFC8100122030 /* MXSAddEventViewController.swift in Sources */,
				D9BB48251D8EF2E000C12541 /* GoogleLogInHelper.swift in Sources */,
				D926BAE21D8DD5CB00E3878C /* UINavigationController+Connection.swift in Sources */,
				D963AE7A1E522C8000FF5B85 /* GPSLocationManager.swift in Sources */,
				D93AF0981E60D8F6004B5565 /* MXSMenuCellView.swift in Sources */,
				D926BAA01D8D6A6400E3878C /* AppDelegate.swift in Sources */,
				D94A3E4C1DA3FCEF0090A7A4 /* MXSConversationCollectionCell.swift in Sources */,
				D926BAE01D8DBC5100E3878C /* User.swift in Sources */,
				D9C086691E4E026800122030 /* MXSTuttorialViewController.swift in Sources */,
				D9BB48131D8EB48000C12541 /* LinkedInHelper.swift in Sources */,
				D94A3E4A1DA3FC840090A7A4 /* MXSSportCollectionCell.swift in Sources */,
				D9C0866B1E4E094500122030 /* MXSTuttorialCollectionCell.swift in Sources */,
				D9B64D2E1DA3AACF008C5D34 /* Conversation.swift in Sources */,
				D90AB5841D940CEA003DCA75 /* MXSFindSportViewController.swift in Sources */,
				D9C086381E46698000122030 /* MXSFindManager.swift in Sources */,
				D9B64D261DA3AA2D008C5D34 /* DummyData.swift in Sources */,
				D93AF0931E60949D004B5565 /* UserViewModel.swift in Sources */,
				D90AB5881D940D18003DCA75 /* MXSFindArroundMeViewController.swift in Sources */,
				D93AF09C1E60F1C6004B5565 /* MXSProfileDescriptionViewController.swift in Sources */,
				D9AAA2AB1D8F0F12004CE80C /* MXSViewController.swift in Sources */,
				D94C63E61D8DE4BB00ECD7FD /* FaceBookHelper.swift in Sources */,
				D998B5E51D97FFE000A045F4 /* EnCodeObject.swift in Sources */,
				D9B64D2C1DA3AA62008C5D34 /* ConversationsDataManager.swift in Sources */,
				D959B3E41D93200E00981105 /* MXSProfileViewController.swift in Sources */,
				D94A3E3C1DA3E6220090A7A4 /* Message.swift in Sources */,
				D926BAD31D8DA11F00E3878C /* MXSAllLoginsViewController.swift in Sources */,
				D94A3E491DA3FC840090A7A4 /* MXSPersonCollectionCell.swift in Sources */,
				D90AB5A31D9562E1003DCA75 /* MXSCalendarViewController.swift in Sources */,
				D9C0865E1E4DFBDA00122030 /* MXSConversationsViewController.swift in Sources */,
				D959581B1DA57F2500481167 /* FireBaseObject.swift in Sources */,
				D9C086491E4A37AA00122030 /* JSONFile.swift in Sources */,
				D90AB5731D93E4D9003DCA75 /* Event.swift in Sources */,
				D959B3DE1D9318E000981105 /* MXSRessources.swift in Sources */,
				D90AB57C1D940522003DCA75 /* MXSPersonsCollectionViewController.swift in Sources */,
				D90AB5861D940CFC003DCA75 /* MXSFindDateViewController.swift in Sources */,
				D926BAD81D8DA92400E3878C /* Utils.swift in Sources */,
				D90AB5A51D957AE6003DCA75 /* AnimationClass.swift in Sources */,
				D90AB5AF1D96BE1E003DCA75 /* MXSActivityIndicator.swift in Sources */,
				D94C63E91D8E914F00ECD7FD /* TwitterHelper.swift in Sources */,
				D949BB6B1E5CE03300BCF3A0 /* EventPersons.swift in Sources */,
				D94A3E471DA3FC840090A7A4 /* MXSEventsCollectionCell.swift in Sources */,
				D9C086361E464A1E00122030 /* MXSLogInManager.swift in Sources */,
				D907C5131E5A23CB009856E6 /* FireBaseHelper.swift in Sources */,
				D90AB5771D93ED1C003DCA75 /* MXSEventsCollectionViewController.swift in Sources */,
				D9C086651E4DFC8100122030 /* MXSCreateAccountViewController.swift in Sources */,
				D90AB5A11D955F6F003DCA75 /* MXSCalendarCellView.swift in Sources */,
				D959B3DD1D9318E000981105 /* MXSConstants.swift in Sources */,
				D9C086671E4DFC8100122030 /* MXSWellComeViewController.swift in Sources */,
				D90AB59D1D9523C0003DCA75 /* MXSSportsCollectionViewController.swift in Sources */,
				D9B64CD91D9D6C28008C5D34 /* MXSMenuViewController.swift in Sources */,
				D9C0865C1E4DFBDA00122030 /* ChatViewController.swift in Sources */,
				D959B3CB1D92D1D200981105 /* MXSFindProfileViewController.swift in Sources */,
			);
			runOnlyForDeploymentPostprocessing = 0;
		};
		D926BAAC1D8D6A6400E3878C /* Sources */ = {
			isa = PBXSourcesBuildPhase;
			buildActionMask = 2147483647;
			files = (
				D926BAB51D8D6A6400E3878C /* MeetXSweatTests.swift in Sources */,
			);
			runOnlyForDeploymentPostprocessing = 0;
		};
		D926BAB71D8D6A6400E3878C /* Sources */ = {
			isa = PBXSourcesBuildPhase;
			buildActionMask = 2147483647;
			files = (
				D926BAC01D8D6A6400E3878C /* MeetXSweatUITests.swift in Sources */,
			);
			runOnlyForDeploymentPostprocessing = 0;
		};
		D949BB071E5C872A00BCF3A0 /* Sources */ = {
			isa = PBXSourcesBuildPhase;
			buildActionMask = 2147483647;
			files = (
				D949BB081E5C872A00BCF3A0 /* MXSEventViewController.swift in Sources */,
				D949BB091E5C872A00BCF3A0 /* Person.swift in Sources */,
				D949BB0A1E5C872A00BCF3A0 /* MXSConversationsCollectionViewController.swift in Sources */,
				D949BB0B1E5C872A00BCF3A0 /* MXSStrings.swift in Sources */,
				D949BB0C1E5C872A00BCF3A0 /* MXSFindCollectionViewController.swift in Sources */,
				D949BB0D1E5C872A00BCF3A0 /* FireBaseDataManager.swift in Sources */,
				D949BB0E1E5C872A00BCF3A0 /* MXSAddEventViewController.swift in Sources */,
				D949BB0F1E5C872A00BCF3A0 /* GoogleLogInHelper.swift in Sources */,
				D949BB101E5C872A00BCF3A0 /* UINavigationController+Connection.swift in Sources */,
				D93AF09F1E60F1DA004B5565 /* MXSMenuCellView.swift in Sources */,
				D949BB111E5C872A00BCF3A0 /* GPSLocationManager.swift in Sources */,
				D93AF09D1E60F1C6004B5565 /* MXSProfileDescriptionViewController.swift in Sources */,
				D949BB121E5C872A00BCF3A0 /* AppDelegate.swift in Sources */,
				D949BB131E5C872A00BCF3A0 /* MXSConversationCollectionCell.swift in Sources */,
				D949BB141E5C872A00BCF3A0 /* User.swift in Sources */,
				D949BB151E5C872A00BCF3A0 /* MXSTuttorialViewController.swift in Sources */,
				D949BB161E5C872A00BCF3A0 /* LinkedInHelper.swift in Sources */,
				D949BB171E5C872A00BCF3A0 /* MXSSportCollectionCell.swift in Sources */,
				D949BB181E5C872A00BCF3A0 /* MXSTuttorialCollectionCell.swift in Sources */,
				D949BB1A1E5C872A00BCF3A0 /* Conversation.swift in Sources */,
				D949BB1B1E5C872A00BCF3A0 /* MXSFindSportViewController.swift in Sources */,
				D949BB1D1E5C872A00BCF3A0 /* MXSFindManager.swift in Sources */,
				D949BB1E1E5C872A00BCF3A0 /* DummyData.swift in Sources */,
				D93AF0941E609599004B5565 /* UserViewModel.swift in Sources */,
				D949BB1F1E5C872A00BCF3A0 /* MXSFindArroundMeViewController.swift in Sources */,
				D949BB201E5C872A00BCF3A0 /* MXSViewController.swift in Sources */,
				D949BB211E5C872A00BCF3A0 /* FaceBookHelper.swift in Sources */,
				D949BB221E5C872A00BCF3A0 /* EnCodeObject.swift in Sources */,
				D949BB231E5C872A00BCF3A0 /* ConversationsDataManager.swift in Sources */,
				D949BB241E5C872A00BCF3A0 /* MXSProfileViewController.swift in Sources */,
				D949BB251E5C872A00BCF3A0 /* Message.swift in Sources */,
				D949BB261E5C872A00BCF3A0 /* MXSAllLoginsViewController.swift in Sources */,
				D949BB271E5C872A00BCF3A0 /* MXSPersonCollectionCell.swift in Sources */,
				D949BB291E5C872A00BCF3A0 /* MXSCalendarViewController.swift in Sources */,
				D949BB2A1E5C872A00BCF3A0 /* MXSConversationsViewController.swift in Sources */,
				D949BB2B1E5C872A00BCF3A0 /* FireBaseObject.swift in Sources */,
				D949BB2C1E5C872A00BCF3A0 /* JSONFile.swift in Sources */,
				D949BB2D1E5C872A00BCF3A0 /* Event.swift in Sources */,
				D949BB2E1E5C872A00BCF3A0 /* MXSRessources.swift in Sources */,
				D949BB2F1E5C872A00BCF3A0 /* MXSPersonsCollectionViewController.swift in Sources */,
				D949BB301E5C872A00BCF3A0 /* MXSFindDateViewController.swift in Sources */,
				D949BB311E5C872A00BCF3A0 /* Utils.swift in Sources */,
				D949BB321E5C872A00BCF3A0 /* AnimationClass.swift in Sources */,
				D949BB331E5C872A00BCF3A0 /* MXSActivityIndicator.swift in Sources */,
				D949BB341E5C872A00BCF3A0 /* TwitterHelper.swift in Sources */,
				D949BB6C1E5CE03300BCF3A0 /* EventPersons.swift in Sources */,
				D949BB351E5C872A00BCF3A0 /* MXSEventsCollectionCell.swift in Sources */,
				D949BB361E5C872A00BCF3A0 /* MXSLogInManager.swift in Sources */,
				D949BB371E5C872A00BCF3A0 /* FireBaseHelper.swift in Sources */,
				D949BB381E5C872A00BCF3A0 /* MXSEventsCollectionViewController.swift in Sources */,
				D949BB391E5C872A00BCF3A0 /* MXSCreateAccountViewController.swift in Sources */,
				D949BB3A1E5C872A00BCF3A0 /* MXSCalendarCellView.swift in Sources */,
				D949BB3B1E5C872A00BCF3A0 /* MXSConstants.swift in Sources */,
				D949BB3C1E5C872A00BCF3A0 /* MXSWellComeViewController.swift in Sources */,
				D949BB3E1E5C872A00BCF3A0 /* MXSSportsCollectionViewController.swift in Sources */,
				D949BB3F1E5C872A00BCF3A0 /* MXSMenuViewController.swift in Sources */,
				D949BB411E5C872A00BCF3A0 /* ChatViewController.swift in Sources */,
				D949BB421E5C872A00BCF3A0 /* MXSFindProfileViewController.swift in Sources */,
			);
			runOnlyForDeploymentPostprocessing = 0;
		};
/* End PBXSourcesBuildPhase section */

/* Begin PBXTargetDependency section */
		D926BAB21D8D6A6400E3878C /* PBXTargetDependency */ = {
			isa = PBXTargetDependency;
			target = D926BA9B1D8D6A6400E3878C /* MeetXSweat */;
			targetProxy = D926BAB11D8D6A6400E3878C /* PBXContainerItemProxy */;
		};
		D926BABD1D8D6A6400E3878C /* PBXTargetDependency */ = {
			isa = PBXTargetDependency;
			target = D926BA9B1D8D6A6400E3878C /* MeetXSweat */;
			targetProxy = D926BABC1D8D6A6400E3878C /* PBXContainerItemProxy */;
		};
/* End PBXTargetDependency section */

/* Begin PBXVariantGroup section */
		D926BAA81D8D6A6400E3878C /* LaunchScreen.storyboard */ = {
			isa = PBXVariantGroup;
			children = (
				D926BAA91D8D6A6400E3878C /* Base */,
			);
			name = LaunchScreen.storyboard;
			sourceTree = "<group>";
		};
/* End PBXVariantGroup section */

/* Begin XCBuildConfiguration section */
		D926BAC21D8D6A6400E3878C /* Debug */ = {
			isa = XCBuildConfiguration;
			buildSettings = {
				ALWAYS_SEARCH_USER_PATHS = NO;
				CLANG_ANALYZER_NONNULL = YES;
				CLANG_CXX_LANGUAGE_STANDARD = "gnu++0x";
				CLANG_CXX_LIBRARY = "libc++";
				CLANG_ENABLE_MODULES = YES;
				CLANG_ENABLE_OBJC_ARC = YES;
				CLANG_WARN_BOOL_CONVERSION = YES;
				CLANG_WARN_CONSTANT_CONVERSION = YES;
				CLANG_WARN_DIRECT_OBJC_ISA_USAGE = YES_ERROR;
				CLANG_WARN_EMPTY_BODY = YES;
				CLANG_WARN_ENUM_CONVERSION = YES;
				CLANG_WARN_INFINITE_RECURSION = YES;
				CLANG_WARN_INT_CONVERSION = YES;
				CLANG_WARN_OBJC_ROOT_CLASS = YES_ERROR;
				CLANG_WARN_SUSPICIOUS_MOVE = YES;
				CLANG_WARN_UNREACHABLE_CODE = YES;
				CLANG_WARN__DUPLICATE_METHOD_MATCH = YES;
				"CODE_SIGN_IDENTITY[sdk=iphoneos*]" = "iPhone Developer";
				COPY_PHASE_STRIP = NO;
				DEBUG_INFORMATION_FORMAT = dwarf;
				ENABLE_STRICT_OBJC_MSGSEND = YES;
				ENABLE_TESTABILITY = YES;
				GCC_C_LANGUAGE_STANDARD = gnu99;
				GCC_DYNAMIC_NO_PIC = NO;
				GCC_NO_COMMON_BLOCKS = YES;
				GCC_OPTIMIZATION_LEVEL = 0;
				GCC_PREPROCESSOR_DEFINITIONS = (
					"DEBUG=1",
					"$(inherited)",
				);
				GCC_WARN_64_TO_32_BIT_CONVERSION = YES;
				GCC_WARN_ABOUT_RETURN_TYPE = YES_ERROR;
				GCC_WARN_UNDECLARED_SELECTOR = YES;
				GCC_WARN_UNINITIALIZED_AUTOS = YES_AGGRESSIVE;
				GCC_WARN_UNUSED_FUNCTION = YES;
				GCC_WARN_UNUSED_VARIABLE = YES;
				IPHONEOS_DEPLOYMENT_TARGET = 9.3;
				MTL_ENABLE_DEBUG_INFO = YES;
				ONLY_ACTIVE_ARCH = YES;
				SDKROOT = iphoneos;
				SWIFT_OPTIMIZATION_LEVEL = "-Onone";
				TARGETED_DEVICE_FAMILY = "1,2";
			};
			name = Debug;
		};
		D926BAC31D8D6A6400E3878C /* Release */ = {
			isa = XCBuildConfiguration;
			buildSettings = {
				ALWAYS_SEARCH_USER_PATHS = NO;
				CLANG_ANALYZER_NONNULL = YES;
				CLANG_CXX_LANGUAGE_STANDARD = "gnu++0x";
				CLANG_CXX_LIBRARY = "libc++";
				CLANG_ENABLE_MODULES = YES;
				CLANG_ENABLE_OBJC_ARC = YES;
				CLANG_WARN_BOOL_CONVERSION = YES;
				CLANG_WARN_CONSTANT_CONVERSION = YES;
				CLANG_WARN_DIRECT_OBJC_ISA_USAGE = YES_ERROR;
				CLANG_WARN_EMPTY_BODY = YES;
				CLANG_WARN_ENUM_CONVERSION = YES;
				CLANG_WARN_INFINITE_RECURSION = YES;
				CLANG_WARN_INT_CONVERSION = YES;
				CLANG_WARN_OBJC_ROOT_CLASS = YES_ERROR;
				CLANG_WARN_SUSPICIOUS_MOVE = YES;
				CLANG_WARN_UNREACHABLE_CODE = YES;
				CLANG_WARN__DUPLICATE_METHOD_MATCH = YES;
				"CODE_SIGN_IDENTITY[sdk=iphoneos*]" = "iPhone Developer";
				COPY_PHASE_STRIP = NO;
				DEBUG_INFORMATION_FORMAT = "dwarf-with-dsym";
				ENABLE_NS_ASSERTIONS = NO;
				ENABLE_STRICT_OBJC_MSGSEND = YES;
				GCC_C_LANGUAGE_STANDARD = gnu99;
				GCC_NO_COMMON_BLOCKS = YES;
				GCC_WARN_64_TO_32_BIT_CONVERSION = YES;
				GCC_WARN_ABOUT_RETURN_TYPE = YES_ERROR;
				GCC_WARN_UNDECLARED_SELECTOR = YES;
				GCC_WARN_UNINITIALIZED_AUTOS = YES_AGGRESSIVE;
				GCC_WARN_UNUSED_FUNCTION = YES;
				GCC_WARN_UNUSED_VARIABLE = YES;
				IPHONEOS_DEPLOYMENT_TARGET = 9.3;
				MTL_ENABLE_DEBUG_INFO = NO;
				SDKROOT = iphoneos;
				SWIFT_OPTIMIZATION_LEVEL = "-Owholemodule";
				TARGETED_DEVICE_FAMILY = "1,2";
				VALIDATE_PRODUCT = YES;
			};
			name = Release;
		};
		D926BAC51D8D6A6400E3878C /* Debug */ = {
			isa = XCBuildConfiguration;
			baseConfigurationReference = FD9164CA102020F4D5ED2DE5 /* Pods-MeetXSweat.debug.xcconfig */;
			buildSettings = {
				ASSETCATALOG_COMPILER_APPICON_NAME = AppIcon;
				CODE_SIGN_ENTITLEMENTS = MeetXSweat.entitlements;
				CODE_SIGN_IDENTITY = "";
				"CODE_SIGN_IDENTITY[sdk=iphoneos*]" = "iPhone Developer";
				DEBUG_INFORMATION_FORMAT = "dwarf-with-dsym";
				DEVELOPMENT_TEAM = "";
				FRAMEWORK_SEARCH_PATHS = (
					"$(inherited)",
					"$(PROJECT_DIR)",
					"$(PROJECT_DIR)/MeetXSweat",
				);
				GCC_PRECOMPILE_PREFIX_HEADER = NO;
				GCC_PREFIX_HEADER = "";
				INFOPLIST_FILE = MeetXSweat/Info.plist;
				IPHONEOS_DEPLOYMENT_TARGET = 9.0;
				LD_RUNPATH_SEARCH_PATHS = "$(inherited) @executable_path/Frameworks";
				PRODUCT_BUNDLE_IDENTIFIER = MeetXSweat.MeetXSweat;
				PRODUCT_NAME = MeetXSweat;
				PROVISIONING_PROFILE = "";
				PROVISIONING_PROFILE_SPECIFIER = "";
				SWIFT_OBJC_BRIDGING_HEADER = "MeetXSweat/MeetXSweat-Bridging-Header.h";
				SWIFT_VERSION = 3.0;
				TARGETED_DEVICE_FAMILY = 1;
			};
			name = Debug;
		};
		D926BAC61D8D6A6400E3878C /* Release */ = {
			isa = XCBuildConfiguration;
			baseConfigurationReference = 31432F17C675D4F9FF0518AF /* Pods-MeetXSweat.release.xcconfig */;
			buildSettings = {
				ASSETCATALOG_COMPILER_APPICON_NAME = AppIcon;
				CODE_SIGN_ENTITLEMENTS = MeetXSweat.entitlements;
				CODE_SIGN_IDENTITY = "";
				"CODE_SIGN_IDENTITY[sdk=iphoneos*]" = "iPhone Developer";
				DEVELOPMENT_TEAM = "";
				FRAMEWORK_SEARCH_PATHS = (
					"$(inherited)",
					"$(PROJECT_DIR)",
					"$(PROJECT_DIR)/MeetXSweat",
				);
				GCC_PRECOMPILE_PREFIX_HEADER = NO;
				GCC_PREFIX_HEADER = "";
				INFOPLIST_FILE = MeetXSweat/Info.plist;
				IPHONEOS_DEPLOYMENT_TARGET = 9.0;
				LD_RUNPATH_SEARCH_PATHS = "$(inherited) @executable_path/Frameworks";
				PRODUCT_BUNDLE_IDENTIFIER = MeetXSweat.MeetXSweat;
				PRODUCT_NAME = MeetXSweat;
				PROVISIONING_PROFILE = "";
				PROVISIONING_PROFILE_SPECIFIER = "";
				SWIFT_OBJC_BRIDGING_HEADER = "MeetXSweat/MeetXSweat-Bridging-Header.h";
				SWIFT_VERSION = 3.0;
				TARGETED_DEVICE_FAMILY = 1;
			};
			name = Release;
		};
		D926BAC81D8D6A6400E3878C /* Debug */ = {
			isa = XCBuildConfiguration;
			baseConfigurationReference = F04A0BDA1CBA2F76A3C5E1B3 /* Pods-MeetXSweatTests.debug.xcconfig */;
			buildSettings = {
				BUNDLE_LOADER = "$(TEST_HOST)";
				INFOPLIST_FILE = MeetXSweatTests/Info.plist;
				LD_RUNPATH_SEARCH_PATHS = "$(inherited) @executable_path/Frameworks @loader_path/Frameworks";
				PRODUCT_BUNDLE_IDENTIFIER = MeetXSweat.MeetXSweatTests;
				PRODUCT_NAME = "$(TARGET_NAME)";
				SWIFT_VERSION = 3.0;
				TEST_HOST = "$(BUILT_PRODUCTS_DIR)/MeetXSweat.app/MeetXSweat";
			};
			name = Debug;
		};
		D926BAC91D8D6A6400E3878C /* Release */ = {
			isa = XCBuildConfiguration;
			baseConfigurationReference = 187326795C00B62EA5F40D4B /* Pods-MeetXSweatTests.release.xcconfig */;
			buildSettings = {
				BUNDLE_LOADER = "$(TEST_HOST)";
				INFOPLIST_FILE = MeetXSweatTests/Info.plist;
				LD_RUNPATH_SEARCH_PATHS = "$(inherited) @executable_path/Frameworks @loader_path/Frameworks";
				PRODUCT_BUNDLE_IDENTIFIER = MeetXSweat.MeetXSweatTests;
				PRODUCT_NAME = "$(TARGET_NAME)";
				SWIFT_VERSION = 3.0;
				TEST_HOST = "$(BUILT_PRODUCTS_DIR)/MeetXSweat.app/MeetXSweat";
			};
			name = Release;
		};
		D926BACB1D8D6A6400E3878C /* Debug */ = {
			isa = XCBuildConfiguration;
			buildSettings = {
				INFOPLIST_FILE = MeetXSweatUITests/Info.plist;
				LD_RUNPATH_SEARCH_PATHS = "$(inherited) @executable_path/Frameworks @loader_path/Frameworks";
				PRODUCT_BUNDLE_IDENTIFIER = MeetXSweat.MeetXSweatUITests;
				PRODUCT_NAME = "$(TARGET_NAME)";
				SWIFT_VERSION = 3.0;
				TEST_TARGET_NAME = MeetXSweat;
			};
			name = Debug;
		};
		D926BACC1D8D6A6400E3878C /* Release */ = {
			isa = XCBuildConfiguration;
			buildSettings = {
				INFOPLIST_FILE = MeetXSweatUITests/Info.plist;
				LD_RUNPATH_SEARCH_PATHS = "$(inherited) @executable_path/Frameworks @loader_path/Frameworks";
				PRODUCT_BUNDLE_IDENTIFIER = MeetXSweat.MeetXSweatUITests;
				PRODUCT_NAME = "$(TARGET_NAME)";
				SWIFT_VERSION = 3.0;
				TEST_TARGET_NAME = MeetXSweat;
			};
			name = Release;
		};
		D949BB5D1E5C872A00BCF3A0 /* Debug */ = {
			isa = XCBuildConfiguration;
			baseConfigurationReference = B3B786CFF81DADC6EBBEA894 /* Pods-MeetXSweatProd.debug.xcconfig */;
			buildSettings = {
				ASSETCATALOG_COMPILER_APPICON_NAME = AppIcon;
				CODE_SIGN_ENTITLEMENTS = MeetXSweat.entitlements;
				CODE_SIGN_IDENTITY = "";
				"CODE_SIGN_IDENTITY[sdk=iphoneos*]" = "iPhone Developer";
				DEBUG_INFORMATION_FORMAT = "dwarf-with-dsym";
				DEVELOPMENT_TEAM = G728K2KM26;
				FRAMEWORK_SEARCH_PATHS = (
					"$(inherited)",
					"$(PROJECT_DIR)",
					"$(PROJECT_DIR)/MeetXSweat",
				);
				GCC_PRECOMPILE_PREFIX_HEADER = NO;
				GCC_PREFIX_HEADER = "";
				GCC_PREPROCESSOR_DEFINITIONS = (
					"$(inherited)",
					"COCOAPODS=1",
					"PROD=1",
				);
				INFOPLIST_FILE = "MeetXSweatProd-Info.plist";
				IPHONEOS_DEPLOYMENT_TARGET = 9.0;
				LD_RUNPATH_SEARCH_PATHS = "$(inherited) @executable_path/Frameworks";
				OTHER_SWIFT_FLAGS = "$(inherited) -DPROD";
				PRODUCT_BUNDLE_IDENTIFIER = com.meetxsweat.meetxsweat;
				PRODUCT_NAME = MeetXSweat;
				PROVISIONING_PROFILE = "";
				PROVISIONING_PROFILE_SPECIFIER = "";
				SWIFT_OBJC_BRIDGING_HEADER = "MeetXSweat/MeetXSweat-Bridging-Header.h";
				SWIFT_VERSION = 3.0;
				TARGETED_DEVICE_FAMILY = 1;
			};
			name = Debug;
		};
		D949BB5E1E5C872A00BCF3A0 /* Release */ = {
			isa = XCBuildConfiguration;
			baseConfigurationReference = 1A5D3A7424A337CE14A9730B /* Pods-MeetXSweatProd.release.xcconfig */;
			buildSettings = {
				ASSETCATALOG_COMPILER_APPICON_NAME = AppIcon;
				CODE_SIGN_ENTITLEMENTS = MeetXSweat.entitlements;
				CODE_SIGN_IDENTITY = "";
				"CODE_SIGN_IDENTITY[sdk=iphoneos*]" = "iPhone Developer";
				DEVELOPMENT_TEAM = G728K2KM26;
				FRAMEWORK_SEARCH_PATHS = (
					"$(inherited)",
					"$(PROJECT_DIR)",
					"$(PROJECT_DIR)/MeetXSweat",
				);
				GCC_PRECOMPILE_PREFIX_HEADER = NO;
				GCC_PREFIX_HEADER = "";
				GCC_PREPROCESSOR_DEFINITIONS = (
					"$(inherited)",
					"COCOAPODS=1",
					"PROD=1",
				);
				INFOPLIST_FILE = "MeetXSweatProd-Info.plist";
				IPHONEOS_DEPLOYMENT_TARGET = 9.0;
				LD_RUNPATH_SEARCH_PATHS = "$(inherited) @executable_path/Frameworks";
				OTHER_SWIFT_FLAGS = "$(inherited) -DPROD";
				PRODUCT_BUNDLE_IDENTIFIER = com.meetxsweat.meetxsweat;
				PRODUCT_NAME = MeetXSweat;
				PROVISIONING_PROFILE = "";
				PROVISIONING_PROFILE_SPECIFIER = "";
				SWIFT_OBJC_BRIDGING_HEADER = "MeetXSweat/MeetXSweat-Bridging-Header.h";
				SWIFT_VERSION = 3.0;
				TARGETED_DEVICE_FAMILY = 1;
			};
			name = Release;
		};
/* End XCBuildConfiguration section */

/* Begin XCConfigurationList section */
		D926BA971D8D6A6400E3878C /* Build configuration list for PBXProject "MeetXSweat" */ = {
			isa = XCConfigurationList;
			buildConfigurations = (
				D926BAC21D8D6A6400E3878C /* Debug */,
				D926BAC31D8D6A6400E3878C /* Release */,
			);
			defaultConfigurationIsVisible = 0;
			defaultConfigurationName = Release;
		};
		D926BAC41D8D6A6400E3878C /* Build configuration list for PBXNativeTarget "MeetXSweat" */ = {
			isa = XCConfigurationList;
			buildConfigurations = (
				D926BAC51D8D6A6400E3878C /* Debug */,
				D926BAC61D8D6A6400E3878C /* Release */,
			);
			defaultConfigurationIsVisible = 0;
			defaultConfigurationName = Release;
		};
		D926BAC71D8D6A6400E3878C /* Build configuration list for PBXNativeTarget "MeetXSweatTests" */ = {
			isa = XCConfigurationList;
			buildConfigurations = (
				D926BAC81D8D6A6400E3878C /* Debug */,
				D926BAC91D8D6A6400E3878C /* Release */,
			);
			defaultConfigurationIsVisible = 0;
			defaultConfigurationName = Release;
		};
		D926BACA1D8D6A6400E3878C /* Build configuration list for PBXNativeTarget "MeetXSweatUITests" */ = {
			isa = XCConfigurationList;
			buildConfigurations = (
				D926BACB1D8D6A6400E3878C /* Debug */,
				D926BACC1D8D6A6400E3878C /* Release */,
			);
			defaultConfigurationIsVisible = 0;
			defaultConfigurationName = Release;
		};
		D949BB5C1E5C872A00BCF3A0 /* Build configuration list for PBXNativeTarget "MeetXSweatProd" */ = {
			isa = XCConfigurationList;
			buildConfigurations = (
				D949BB5D1E5C872A00BCF3A0 /* Debug */,
				D949BB5E1E5C872A00BCF3A0 /* Release */,
			);
			defaultConfigurationIsVisible = 0;
			defaultConfigurationName = Release;
		};
/* End XCConfigurationList section */
	};
	rootObject = D926BA941D8D6A6400E3878C /* Project object */;
}
